// !$*UTF8*$!
{
	archiveVersion = 1;
	classes = {
	};
	objectVersion = 46;
	objects = {

/* Begin PBXBuildFile section */
		A7150EB41EE621E600E3553F /* TabCoordinator.swift in Sources */ = {isa = PBXBuildFile; fileRef = A7150EB31EE621E600E3553F /* TabCoordinator.swift */; };
		A7150EB91EE6270500E3553F /* TabControllerCoordinator.swift in Sources */ = {isa = PBXBuildFile; fileRef = A7150EB81EE6270500E3553F /* TabControllerCoordinator.swift */; };
		A7150EBB1EE62DF900E3553F /* PlayerView.swift in Sources */ = {isa = PBXBuildFile; fileRef = A7150EBA1EE62DF900E3553F /* PlayerView.swift */; };
		A7150EBD1EE62E0300E3553F /* PlayerViewController.swift in Sources */ = {isa = PBXBuildFile; fileRef = A7150EBC1EE62E0300E3553F /* PlayerViewController.swift */; };
		A7150EBF1EE62E0D00E3553F /* PlayerViewDelegate.swift in Sources */ = {isa = PBXBuildFile; fileRef = A7150EBE1EE62E0D00E3553F /* PlayerViewDelegate.swift */; };
		A7150EC11EE62E1700E3553F /* PlayerViewControllerDelegate.swift in Sources */ = {isa = PBXBuildFile; fileRef = A7150EC01EE62E1700E3553F /* PlayerViewControllerDelegate.swift */; };
		A7150EC71EE6337D00E3553F /* PodcastListViewController.swift in Sources */ = {isa = PBXBuildFile; fileRef = A7150EC61EE6337D00E3553F /* PodcastListViewController.swift */; };
		A7150ECF1EE637C700E3553F /* PodCatcherTests.swift in Sources */ = {isa = PBXBuildFile; fileRef = A7150ECE1EE637C700E3553F /* PodCatcherTests.swift */; };
		A7150ED71EE638A900E3553F /* StartCoordinatorTests.swift in Sources */ = {isa = PBXBuildFile; fileRef = A7150ED61EE638A900E3553F /* StartCoordinatorTests.swift */; };
		A7150EDB1EE638E000E3553F /* MediaPlayerTests.swift in Sources */ = {isa = PBXBuildFile; fileRef = A7150EDA1EE638E000E3553F /* MediaPlayerTests.swift */; };
		A7150EDD1EE6399200E3553F /* PlayerControllerTests.swift in Sources */ = {isa = PBXBuildFile; fileRef = A7150EDC1EE6399200E3553F /* PlayerControllerTests.swift */; };
		A7150EDF1EE63E7200E3553F /* PodcastCell.swift in Sources */ = {isa = PBXBuildFile; fileRef = A7150EDE1EE63E7200E3553F /* PodcastCell.swift */; };
		A7150EE11EE655F800E3553F /* MediaTabCoordinator.swift in Sources */ = {isa = PBXBuildFile; fileRef = A7150EE01EE655F800E3553F /* MediaTabCoordinator.swift */; };
		A7150EE31EE6563300E3553F /* TabBarConstants.swift in Sources */ = {isa = PBXBuildFile; fileRef = A7150EE21EE6563300E3553F /* TabBarConstants.swift */; };
		A7150EE51EE6566600E3553F /* PodcasterControllState.swift in Sources */ = {isa = PBXBuildFile; fileRef = A7150EE41EE6566600E3553F /* PodcasterControllState.swift */; };
		A7150EE71EE6568B00E3553F /* PodcastListViewControllerDelegate.swift in Sources */ = {isa = PBXBuildFile; fileRef = A7150EE61EE6568B00E3553F /* PodcastListViewControllerDelegate.swift */; };
		A7150EE91EE6571200E3553F /* PodcastCellModel.swift in Sources */ = {isa = PBXBuildFile; fileRef = A7150EE81EE6571200E3553F /* PodcastCellModel.swift */; };
		A7150EEB1EE657D000E3553F /* StartViewDelegate.swift in Sources */ = {isa = PBXBuildFile; fileRef = A7150EEA1EE657D000E3553F /* StartViewDelegate.swift */; };
		A7150EEE1EE65B2300E3553F /* PlayerViewConstants.swift in Sources */ = {isa = PBXBuildFile; fileRef = A7150EED1EE65B2300E3553F /* PlayerViewConstants.swift */; };
		A7150EF01EE6609200E3553F /* PodcastListTopView.swift in Sources */ = {isa = PBXBuildFile; fileRef = A7150EEF1EE6609200E3553F /* PodcastListTopView.swift */; };
		A7150EF21EE66C0E00E3553F /* PlayerViewModel.swift in Sources */ = {isa = PBXBuildFile; fileRef = A7150EF11EE66C0E00E3553F /* PlayerViewModel.swift */; };
		A7150EF41EE66C8E00E3553F /* ShowView.swift in Sources */ = {isa = PBXBuildFile; fileRef = A7150EF31EE66C8E00E3553F /* ShowView.swift */; };
		A71B26F21EE5D24700613CF4 /* AppDelegate.swift in Sources */ = {isa = PBXBuildFile; fileRef = A71B26F11EE5D24700613CF4 /* AppDelegate.swift */; };
		A71B26FA1EE5D24700613CF4 /* PodCatcher.xcdatamodeld in Sources */ = {isa = PBXBuildFile; fileRef = A71B26F81EE5D24700613CF4 /* PodCatcher.xcdatamodeld */; };
		A71B26FC1EE5D24700613CF4 /* Assets.xcassets in Resources */ = {isa = PBXBuildFile; fileRef = A71B26FB1EE5D24700613CF4 /* Assets.xcassets */; };
		A71B26FF1EE5D24700613CF4 /* LaunchScreen.storyboard in Resources */ = {isa = PBXBuildFile; fileRef = A71B26FD1EE5D24700613CF4 /* LaunchScreen.storyboard */; };
		A71B27151EE5D24700613CF4 /* PodCatcherUITests.swift in Sources */ = {isa = PBXBuildFile; fileRef = A71B27141EE5D24700613CF4 /* PodCatcherUITests.swift */; };
		A71B27231EE5D27700613CF4 /* NavigationCoordinator.swift in Sources */ = {isa = PBXBuildFile; fileRef = A71B27221EE5D27700613CF4 /* NavigationCoordinator.swift */; };
		A71B27251EE5D28600613CF4 /* TabBarCoordinator.swift in Sources */ = {isa = PBXBuildFile; fileRef = A71B27241EE5D28600613CF4 /* TabBarCoordinator.swift */; };
		A71B27271EE5D29100613CF4 /* MainCoordinator.swift in Sources */ = {isa = PBXBuildFile; fileRef = A71B27261EE5D29100613CF4 /* MainCoordinator.swift */; };
		A71B27291EE5D31300613CF4 /* Coordinator.swift in Sources */ = {isa = PBXBuildFile; fileRef = A71B27281EE5D31300613CF4 /* Coordinator.swift */; };
		A71B272B1EE5D4B800613CF4 /* TabBarController.swift in Sources */ = {isa = PBXBuildFile; fileRef = A71B272A1EE5D4B800613CF4 /* TabBarController.swift */; };
		A71B272D1EE5D55E00613CF4 /* CoordinatorDelegate.swift in Sources */ = {isa = PBXBuildFile; fileRef = A71B272C1EE5D55E00613CF4 /* CoordinatorDelegate.swift */; };
		A71B272F1EE5D57100613CF4 /* CoordinatorType.swift in Sources */ = {isa = PBXBuildFile; fileRef = A71B272E1EE5D57100613CF4 /* CoordinatorType.swift */; };
		A71B27311EE5D6F500613CF4 /* StartCoordinator.swift in Sources */ = {isa = PBXBuildFile; fileRef = A71B27301EE5D6F500613CF4 /* StartCoordinator.swift */; };
		A71B27331EE5D80F00613CF4 /* SplashViewController.swift in Sources */ = {isa = PBXBuildFile; fileRef = A71B27321EE5D80F00613CF4 /* SplashViewController.swift */; };
		A71B27351EE5D81700613CF4 /* SplashView.swift in Sources */ = {isa = PBXBuildFile; fileRef = A71B27341EE5D81600613CF4 /* SplashView.swift */; };
		A71B27371EE5D87900613CF4 /* UIView+Extension.swift in Sources */ = {isa = PBXBuildFile; fileRef = A71B27361EE5D87900613CF4 /* UIView+Extension.swift */; };
		A71B27391EE5DA7E00613CF4 /* SplashViewDelegate.swift in Sources */ = {isa = PBXBuildFile; fileRef = A71B27381EE5DA7E00613CF4 /* SplashViewDelegate.swift */; };
		A71B273B1EE5DB8D00613CF4 /* StartViewController.swift in Sources */ = {isa = PBXBuildFile; fileRef = A71B273A1EE5DB8D00613CF4 /* StartViewController.swift */; };
		A71B273D1EE5DB9700613CF4 /* StartView.swift in Sources */ = {isa = PBXBuildFile; fileRef = A71B273C1EE5DB9700613CF4 /* StartView.swift */; };
		A71B27451EE5E1F200613CF4 /* PCMediaPlayer.swift in Sources */ = {isa = PBXBuildFile; fileRef = A71B27441EE5E1F200613CF4 /* PCMediaPlayer.swift */; };
		A71BFB811EE6E94900A35D8E /* PodCaster+CoreDataClass.swift in Sources */ = {isa = PBXBuildFile; fileRef = A71BFB7F1EE6E94900A35D8E /* PodCaster+CoreDataClass.swift */; };
		A71BFB821EE6E94900A35D8E /* PodCaster+CoreDataProperties.swift in Sources */ = {isa = PBXBuildFile; fileRef = A71BFB801EE6E94900A35D8E /* PodCaster+CoreDataProperties.swift */; };
		A71BFB851EE6E96000A35D8E /* CasterItems+CoreDataClass.swift in Sources */ = {isa = PBXBuildFile; fileRef = A71BFB831EE6E96000A35D8E /* CasterItems+CoreDataClass.swift */; };
		A71BFB861EE6E96000A35D8E /* CasterItems+CoreDataProperties.swift in Sources */ = {isa = PBXBuildFile; fileRef = A71BFB841EE6E96000A35D8E /* CasterItems+CoreDataProperties.swift */; };
		A71BFB881EE6F62B00A35D8E /* UnderLineTextField.swift in Sources */ = {isa = PBXBuildFile; fileRef = A71BFB871EE6F62B00A35D8E /* UnderLineTextField.swift */; };
		A71BFB8A1EE6FCB400A35D8E /* PodcastsListTests.swift in Sources */ = {isa = PBXBuildFile; fileRef = A71BFB891EE6FCB400A35D8E /* PodcastsListTests.swift */; };
		A73D74091EE684C4004571A5 /* LoadingPopover.swift in Sources */ = {isa = PBXBuildFile; fileRef = A73D74081EE684C4004571A5 /* LoadingPopover.swift */; };
		A73D740B1EE684DD004571A5 /* LoadingView.swift in Sources */ = {isa = PBXBuildFile; fileRef = A73D740A1EE684DD004571A5 /* LoadingView.swift */; };
		A73D740E1EE685FF004571A5 /* AnimationDelegate.swift in Sources */ = {isa = PBXBuildFile; fileRef = A73D740D1EE685FF004571A5 /* AnimationDelegate.swift */; };
		A73D74121EE68655004571A5 /* CoreDataClient.swift in Sources */ = {isa = PBXBuildFile; fileRef = A73D74111EE68655004571A5 /* CoreDataClient.swift */; };
		A73D74141EE68679004571A5 /* LocalStorageManager.swift in Sources */ = {isa = PBXBuildFile; fileRef = A73D74131EE68679004571A5 /* LocalStorageManager.swift */; };
		A73D74161EE686E6004571A5 /* LoginViewDelegate.swift in Sources */ = {isa = PBXBuildFile; fileRef = A73D74151EE686E6004571A5 /* LoginViewDelegate.swift */; };
		A73D74181EE68704004571A5 /* LoginViewModel.swift in Sources */ = {isa = PBXBuildFile; fileRef = A73D74171EE68704004571A5 /* LoginViewModel.swift */; };
		A73D741A1EE68729004571A5 /* LoginViewControllerDelegate.swift in Sources */ = {isa = PBXBuildFile; fileRef = A73D74191EE68729004571A5 /* LoginViewControllerDelegate.swift */; };
		A73D74301EE6881E004571A5 /* LogoConstants.swift in Sources */ = {isa = PBXBuildFile; fileRef = A73D742F1EE6881E004571A5 /* LogoConstants.swift */; };
		A73D74321EE68844004571A5 /* SplashViewControllerDelegate.swift in Sources */ = {isa = PBXBuildFile; fileRef = A73D74311EE68844004571A5 /* SplashViewControllerDelegate.swift */; };
		A73D743A1EE68890004571A5 /* CreateAccountViewDelegate.swift in Sources */ = {isa = PBXBuildFile; fileRef = A73D74391EE68890004571A5 /* CreateAccountViewDelegate.swift */; };
		A73D743C1EE688AF004571A5 /* CreateAccountViewControllerDelegate.swift in Sources */ = {isa = PBXBuildFile; fileRef = A73D743B1EE688AF004571A5 /* CreateAccountViewControllerDelegate.swift */; };
		A73D743F1EE688E6004571A5 /* SettingsViewDelegate.swift in Sources */ = {isa = PBXBuildFile; fileRef = A73D743E1EE688E6004571A5 /* SettingsViewDelegate.swift */; };
		A73D74411EE68902004571A5 /* SettingsViewControllerDelegate.swift in Sources */ = {isa = PBXBuildFile; fileRef = A73D74401EE68902004571A5 /* SettingsViewControllerDelegate.swift */; };
		A77EDF4F1EE5E6C4001A24E5 /* Caster.swift in Sources */ = {isa = PBXBuildFile; fileRef = A77EDF4E1EE5E6C4001A24E5 /* Caster.swift */; };
		A77EDF531EE5F426001A24E5 /* PodCatcherItem.swift in Sources */ = {isa = PBXBuildFile; fileRef = A77EDF521EE5F426001A24E5 /* PodCatcherItem.swift */; };
		A77EDF551EE5FA61001A24E5 /* MediaCell.swift in Sources */ = {isa = PBXBuildFile; fileRef = A77EDF541EE5FA61001A24E5 /* MediaCell.swift */; };
		A77EDF571EE5FAA5001A24E5 /* UIImageView+Extension.swift in Sources */ = {isa = PBXBuildFile; fileRef = A77EDF561EE5FAA5001A24E5 /* UIImageView+Extension.swift */; };
		A77EDF591EE5FAC2001A24E5 /* CALayer+Extension.swift in Sources */ = {isa = PBXBuildFile; fileRef = A77EDF581EE5FAC2001A24E5 /* CALayer+Extension.swift */; };
		A77EDF5B1EE5FB3B001A24E5 /* MediaCellConstants.swift in Sources */ = {isa = PBXBuildFile; fileRef = A77EDF5A1EE5FB3B001A24E5 /* MediaCellConstants.swift */; };
		A77EDF5D1EE5FB5F001A24E5 /* ReusableProtocol.swift in Sources */ = {isa = PBXBuildFile; fileRef = A77EDF5C1EE5FB5F001A24E5 /* ReusableProtocol.swift */; };
		A77EDF5F1EE5FB83001A24E5 /* MediaCellModelerProtocol.swift in Sources */ = {isa = PBXBuildFile; fileRef = A77EDF5E1EE5FB83001A24E5 /* MediaCellModelerProtocol.swift */; };
		A77EDF611EE5FBA0001A24E5 /* MediaCellViewModel.swift in Sources */ = {isa = PBXBuildFile; fileRef = A77EDF601EE5FBA0001A24E5 /* MediaCellViewModel.swift */; };
		A77EDF631EE5FBE4001A24E5 /* TrackItemsFlowLayout.swift in Sources */ = {isa = PBXBuildFile; fileRef = A77EDF621EE5FBE4001A24E5 /* TrackItemsFlowLayout.swift */; };
		A77EDF651EE5FC17001A24E5 /* EmptyView.swift in Sources */ = {isa = PBXBuildFile; fileRef = A77EDF641EE5FC17001A24E5 /* EmptyView.swift */; };
		A77EDF671EE5FC38001A24E5 /* UILabel+Extension.swift in Sources */ = {isa = PBXBuildFile; fileRef = A77EDF661EE5FC38001A24E5 /* UILabel+Extension.swift */; };
		A77EDF701EE5FD57001A24E5 /* MediaCollectionViewController.swift in Sources */ = {isa = PBXBuildFile; fileRef = A77EDF6F1EE5FD57001A24E5 /* MediaCollectionViewController.swift */; };
		A77EDF721EE5FDA9001A24E5 /* UICollectionView+Extension.swift in Sources */ = {isa = PBXBuildFile; fileRef = A77EDF711EE5FDA9001A24E5 /* UICollectionView+Extension.swift */; };
		A77EDF741EE5FDE5001A24E5 /* BaseMediaCollectionDataSource.swift in Sources */ = {isa = PBXBuildFile; fileRef = A77EDF731EE5FDE5001A24E5 /* BaseMediaCollectionDataSource.swift */; };
		A77EDF761EE5FDFA001A24E5 /* MediaDataStore.swift in Sources */ = {isa = PBXBuildFile; fileRef = A77EDF751EE5FDFA001A24E5 /* MediaDataStore.swift */; };
		A77EDF781EE5FF72001A24E5 /* UIColor+Extension.swift in Sources */ = {isa = PBXBuildFile; fileRef = A77EDF771EE5FF72001A24E5 /* UIColor+Extension.swift */; };
		A77EDF7A1EE5FF93001A24E5 /* UIViewController+Extension.swift in Sources */ = {isa = PBXBuildFile; fileRef = A77EDF791EE5FF93001A24E5 /* UIViewController+Extension.swift */; };
		A77EDF7C1EE5FFAB001A24E5 /* ViewType.swift in Sources */ = {isa = PBXBuildFile; fileRef = A77EDF7B1EE5FFAB001A24E5 /* ViewType.swift */; };
		A77EDF7E1EE5FFE9001A24E5 /* CALayerConstants.swift in Sources */ = {isa = PBXBuildFile; fileRef = A77EDF7D1EE5FFE9001A24E5 /* CALayerConstants.swift */; };
		A77EDF801EE6007E001A24E5 /* CollectionViewAttributes.swift in Sources */ = {isa = PBXBuildFile; fileRef = A77EDF7F1EE6007E001A24E5 /* CollectionViewAttributes.swift */; };
		A77EDF821EE61338001A24E5 /* MediaCollectionControllerDelegate.swift in Sources */ = {isa = PBXBuildFile; fileRef = A77EDF811EE61338001A24E5 /* MediaCollectionControllerDelegate.swift */; };
		A77EDF841EE613E2001A24E5 /* ApplicationCoordinator.swift in Sources */ = {isa = PBXBuildFile; fileRef = A77EDF831EE613E2001A24E5 /* ApplicationCoordinator.swift */; };
		A77EDF861EE614CD001A24E5 /* StartViewControllerDelegate.swift in Sources */ = {isa = PBXBuildFile; fileRef = A77EDF851EE614CD001A24E5 /* StartViewControllerDelegate.swift */; };
		A77EDF881EE614FB001A24E5 /* ButtonFactory.swift in Sources */ = {isa = PBXBuildFile; fileRef = A77EDF871EE614FB001A24E5 /* ButtonFactory.swift */; };
		A7894F9E1EE69C03000CC190 /* SettingsTests.swift in Sources */ = {isa = PBXBuildFile; fileRef = A7894F9D1EE69C03000CC190 /* SettingsTests.swift */; };
		A7894FA01EE69C1E000CC190 /* LoginTests.swift in Sources */ = {isa = PBXBuildFile; fileRef = A7894F9F1EE69C1E000CC190 /* LoginTests.swift */; };
		A7894FA21EE69E2B000CC190 /* TestMainCoordinator.swift in Sources */ = {isa = PBXBuildFile; fileRef = A7894FA11EE69E2B000CC190 /* TestMainCoordinator.swift */; };
		A7894FA41EE69E6A000CC190 /* LoginUITests.swift in Sources */ = {isa = PBXBuildFile; fileRef = A7894FA31EE69E6A000CC190 /* LoginUITests.swift */; };
		A7894FA61EE6AE44000CC190 /* PodCatcherUser.swift in Sources */ = {isa = PBXBuildFile; fileRef = A7894FA51EE6AE44000CC190 /* PodCatcherUser.swift */; };
		A7894FA81EE6C861000CC190 /* PreferencesView.swift in Sources */ = {isa = PBXBuildFile; fileRef = A7894FA71EE6C861000CC190 /* PreferencesView.swift */; };
		A7894FAA1EE6DC5E000CC190 /* PreferencesViewDelegate.swift in Sources */ = {isa = PBXBuildFile; fileRef = A7894FA91EE6DC5E000CC190 /* PreferencesViewDelegate.swift */; };
		A7A54E9F1EE70CFB009A5538 /* PopoverTests.swift in Sources */ = {isa = PBXBuildFile; fileRef = A7A54E9E1EE70CFB009A5538 /* PopoverTests.swift */; };
		A7EBA09A1EE672A700FAAC9C /* UserDataAPIClient.swift in Sources */ = {isa = PBXBuildFile; fileRef = A7EBA0991EE672A700FAAC9C /* UserDataAPIClient.swift */; };
		A7EBA09D1EE672E300FAAC9C /* CoreDataStack.swift in Sources */ = {isa = PBXBuildFile; fileRef = A7EBA09C1EE672E300FAAC9C /* CoreDataStack.swift */; };
		A7EBA0A11EE6739000FAAC9C /* LoginView.swift in Sources */ = {isa = PBXBuildFile; fileRef = A7EBA0A01EE6739000FAAC9C /* LoginView.swift */; };
		A7EBA0A31EE673AA00FAAC9C /* LoginViewController.swift in Sources */ = {isa = PBXBuildFile; fileRef = A7EBA0A21EE673AA00FAAC9C /* LoginViewController.swift */; };
		A7EBA0A51EE6740300FAAC9C /* String+Extension.swift in Sources */ = {isa = PBXBuildFile; fileRef = A7EBA0A41EE6740300FAAC9C /* String+Extension.swift */; };
		A7EBA0A71EE6743800FAAC9C /* TextFieldExtension.swift in Sources */ = {isa = PBXBuildFile; fileRef = A7EBA0A61EE6743800FAAC9C /* TextFieldExtension.swift */; };
		A7EBA0AA1EE6772200FAAC9C /* CreateAccountView.swift in Sources */ = {isa = PBXBuildFile; fileRef = A7EBA0A91EE6772200FAAC9C /* CreateAccountView.swift */; };
		A7EBA0AC1EE6775500FAAC9C /* CreateAccountViewController.swift in Sources */ = {isa = PBXBuildFile; fileRef = A7EBA0AB1EE6775500FAAC9C /* CreateAccountViewController.swift */; };
		A7EBA0AF1EE6783700FAAC9C /* SettingsViewController.swift in Sources */ = {isa = PBXBuildFile; fileRef = A7EBA0AE1EE6783700FAAC9C /* SettingsViewController.swift */; };
		A7EBA0B11EE6784E00FAAC9C /* SettingsView.swift in Sources */ = {isa = PBXBuildFile; fileRef = A7EBA0B01EE6784E00FAAC9C /* SettingsView.swift */; };
		A7EBA0B31EE6786400FAAC9C /* SettingsOptionView.swift in Sources */ = {isa = PBXBuildFile; fileRef = A7EBA0B21EE6786400FAAC9C /* SettingsOptionView.swift */; };
		A7EBA0B51EE680BE00FAAC9C /* BasePopoverAlert.swift in Sources */ = {isa = PBXBuildFile; fileRef = A7EBA0B41EE680BE00FAAC9C /* BasePopoverAlert.swift */; };
		A7EBA0B71EE680DF00FAAC9C /* BasePopView.swift in Sources */ = {isa = PBXBuildFile; fileRef = A7EBA0B61EE680DF00FAAC9C /* BasePopView.swift */; };
		A7EBA0B91EE6815300FAAC9C /* MenuView.swift in Sources */ = {isa = PBXBuildFile; fileRef = A7EBA0B81EE6815300FAAC9C /* MenuView.swift */; };
		A7EBA0BB1EE681F400FAAC9C /* BottomMenuPopover.swift in Sources */ = {isa = PBXBuildFile; fileRef = A7EBA0BA1EE681F400FAAC9C /* BottomMenuPopover.swift */; };
		A7EBA0C01EE6828A00FAAC9C /* BasePopConstants.swift in Sources */ = {isa = PBXBuildFile; fileRef = A7EBA0BF1EE6828A00FAAC9C /* BasePopConstants.swift */; };
		A7EBA0C21EE682B200FAAC9C /* BaseMenuPopoverAlert.swift in Sources */ = {isa = PBXBuildFile; fileRef = A7EBA0C11EE682B200FAAC9C /* BaseMenuPopoverAlert.swift */; };
		A7EBA0C41EE682DF00FAAC9C /* MenuOptionView.swift in Sources */ = {isa = PBXBuildFile; fileRef = A7EBA0C31EE682DF00FAAC9C /* MenuOptionView.swift */; };
		A7EBA0C61EE6830400FAAC9C /* DetailViewConstants.swift in Sources */ = {isa = PBXBuildFile; fileRef = A7EBA0C51EE6830400FAAC9C /* DetailViewConstants.swift */; };
		A7EBA0C81EE6831F00FAAC9C /* MenuDelegate.swift in Sources */ = {isa = PBXBuildFile; fileRef = A7EBA0C71EE6831F00FAAC9C /* MenuDelegate.swift */; };
		A7EBA0CA1EE6836400FAAC9C /* NSError+Extension.swift in Sources */ = {isa = PBXBuildFile; fileRef = A7EBA0C91EE6836400FAAC9C /* NSError+Extension.swift */; };
		A7EBA0CC1EE683C900FAAC9C /* BallAnimation.swift in Sources */ = {isa = PBXBuildFile; fileRef = A7EBA0CB1EE683C900FAAC9C /* BallAnimation.swift */; };
/* End PBXBuildFile section */

/* Begin PBXContainerItemProxy section */
		A7150ED11EE637C700E3553F /* PBXContainerItemProxy */ = {
			isa = PBXContainerItemProxy;
			containerPortal = A71B26E61EE5D24700613CF4 /* Project object */;
			proxyType = 1;
			remoteGlobalIDString = A71B26ED1EE5D24700613CF4;
			remoteInfo = PodCatcher;
		};
		A71B27111EE5D24700613CF4 /* PBXContainerItemProxy */ = {
			isa = PBXContainerItemProxy;
			containerPortal = A71B26E61EE5D24700613CF4 /* Project object */;
			proxyType = 1;
			remoteGlobalIDString = A71B26ED1EE5D24700613CF4;
			remoteInfo = PodCatcher;
		};
/* End PBXContainerItemProxy section */

/* Begin PBXFileReference section */
		A7150EB31EE621E600E3553F /* TabCoordinator.swift */ = {isa = PBXFileReference; fileEncoding = 4; lastKnownFileType = sourcecode.swift; path = TabCoordinator.swift; sourceTree = "<group>"; };
		A7150EB81EE6270500E3553F /* TabControllerCoordinator.swift */ = {isa = PBXFileReference; fileEncoding = 4; lastKnownFileType = sourcecode.swift; path = TabControllerCoordinator.swift; sourceTree = "<group>"; };
		A7150EBA1EE62DF900E3553F /* PlayerView.swift */ = {isa = PBXFileReference; fileEncoding = 4; lastKnownFileType = sourcecode.swift; path = PlayerView.swift; sourceTree = "<group>"; };
		A7150EBC1EE62E0300E3553F /* PlayerViewController.swift */ = {isa = PBXFileReference; fileEncoding = 4; lastKnownFileType = sourcecode.swift; path = PlayerViewController.swift; sourceTree = "<group>"; };
		A7150EBE1EE62E0D00E3553F /* PlayerViewDelegate.swift */ = {isa = PBXFileReference; fileEncoding = 4; lastKnownFileType = sourcecode.swift; path = PlayerViewDelegate.swift; sourceTree = "<group>"; };
		A7150EC01EE62E1700E3553F /* PlayerViewControllerDelegate.swift */ = {isa = PBXFileReference; fileEncoding = 4; lastKnownFileType = sourcecode.swift; path = PlayerViewControllerDelegate.swift; sourceTree = "<group>"; };
		A7150EC61EE6337D00E3553F /* PodcastListViewController.swift */ = {isa = PBXFileReference; fileEncoding = 4; lastKnownFileType = sourcecode.swift; path = PodcastListViewController.swift; sourceTree = "<group>"; };
		A7150ECC1EE637C700E3553F /* PodCatcherTests.xctest */ = {isa = PBXFileReference; explicitFileType = wrapper.cfbundle; includeInIndex = 0; path = PodCatcherTests.xctest; sourceTree = BUILT_PRODUCTS_DIR; };
		A7150ECE1EE637C700E3553F /* PodCatcherTests.swift */ = {isa = PBXFileReference; lastKnownFileType = sourcecode.swift; path = PodCatcherTests.swift; sourceTree = "<group>"; };
		A7150ED01EE637C700E3553F /* Info.plist */ = {isa = PBXFileReference; lastKnownFileType = text.plist.xml; path = Info.plist; sourceTree = "<group>"; };
		A7150ED61EE638A900E3553F /* StartCoordinatorTests.swift */ = {isa = PBXFileReference; fileEncoding = 4; lastKnownFileType = sourcecode.swift; path = StartCoordinatorTests.swift; sourceTree = "<group>"; };
		A7150EDA1EE638E000E3553F /* MediaPlayerTests.swift */ = {isa = PBXFileReference; fileEncoding = 4; lastKnownFileType = sourcecode.swift; path = MediaPlayerTests.swift; sourceTree = "<group>"; };
		A7150EDC1EE6399200E3553F /* PlayerControllerTests.swift */ = {isa = PBXFileReference; fileEncoding = 4; lastKnownFileType = sourcecode.swift; path = PlayerControllerTests.swift; sourceTree = "<group>"; };
		A7150EDE1EE63E7200E3553F /* PodcastCell.swift */ = {isa = PBXFileReference; fileEncoding = 4; lastKnownFileType = sourcecode.swift; path = PodcastCell.swift; sourceTree = "<group>"; };
		A7150EE01EE655F800E3553F /* MediaTabCoordinator.swift */ = {isa = PBXFileReference; fileEncoding = 4; lastKnownFileType = sourcecode.swift; path = MediaTabCoordinator.swift; sourceTree = "<group>"; };
		A7150EE21EE6563300E3553F /* TabBarConstants.swift */ = {isa = PBXFileReference; fileEncoding = 4; lastKnownFileType = sourcecode.swift; path = TabBarConstants.swift; sourceTree = "<group>"; };
		A7150EE41EE6566600E3553F /* PodcasterControllState.swift */ = {isa = PBXFileReference; fileEncoding = 4; lastKnownFileType = sourcecode.swift; path = PodcasterControllState.swift; sourceTree = "<group>"; };
		A7150EE61EE6568B00E3553F /* PodcastListViewControllerDelegate.swift */ = {isa = PBXFileReference; fileEncoding = 4; lastKnownFileType = sourcecode.swift; path = PodcastListViewControllerDelegate.swift; sourceTree = "<group>"; };
		A7150EE81EE6571200E3553F /* PodcastCellModel.swift */ = {isa = PBXFileReference; fileEncoding = 4; lastKnownFileType = sourcecode.swift; path = PodcastCellModel.swift; sourceTree = "<group>"; };
		A7150EEA1EE657D000E3553F /* StartViewDelegate.swift */ = {isa = PBXFileReference; fileEncoding = 4; lastKnownFileType = sourcecode.swift; path = StartViewDelegate.swift; sourceTree = "<group>"; };
		A7150EED1EE65B2300E3553F /* PlayerViewConstants.swift */ = {isa = PBXFileReference; fileEncoding = 4; lastKnownFileType = sourcecode.swift; path = PlayerViewConstants.swift; sourceTree = "<group>"; };
		A7150EEF1EE6609200E3553F /* PodcastListTopView.swift */ = {isa = PBXFileReference; fileEncoding = 4; lastKnownFileType = sourcecode.swift; path = PodcastListTopView.swift; sourceTree = "<group>"; };
		A7150EF11EE66C0E00E3553F /* PlayerViewModel.swift */ = {isa = PBXFileReference; fileEncoding = 4; lastKnownFileType = sourcecode.swift; path = PlayerViewModel.swift; sourceTree = "<group>"; };
		A7150EF31EE66C8E00E3553F /* ShowView.swift */ = {isa = PBXFileReference; fileEncoding = 4; lastKnownFileType = sourcecode.swift; path = ShowView.swift; sourceTree = "<group>"; };
		A71B26EE1EE5D24700613CF4 /* PodCatcher.app */ = {isa = PBXFileReference; explicitFileType = wrapper.application; includeInIndex = 0; path = PodCatcher.app; sourceTree = BUILT_PRODUCTS_DIR; };
		A71B26F11EE5D24700613CF4 /* AppDelegate.swift */ = {isa = PBXFileReference; lastKnownFileType = sourcecode.swift; path = AppDelegate.swift; sourceTree = "<group>"; };
		A71B26F91EE5D24700613CF4 /* PodCatcher.xcdatamodel */ = {isa = PBXFileReference; lastKnownFileType = wrapper.xcdatamodel; path = PodCatcher.xcdatamodel; sourceTree = "<group>"; };
		A71B26FB1EE5D24700613CF4 /* Assets.xcassets */ = {isa = PBXFileReference; lastKnownFileType = folder.assetcatalog; path = Assets.xcassets; sourceTree = "<group>"; };
		A71B26FE1EE5D24700613CF4 /* Base */ = {isa = PBXFileReference; lastKnownFileType = file.storyboard; name = Base; path = Base.lproj/LaunchScreen.storyboard; sourceTree = "<group>"; };
		A71B27001EE5D24700613CF4 /* Info.plist */ = {isa = PBXFileReference; lastKnownFileType = text.plist.xml; path = Info.plist; sourceTree = "<group>"; };
		A71B27091EE5D24700613CF4 /* PodCatcherTests.swift */ = {isa = PBXFileReference; lastKnownFileType = sourcecode.swift; path = PodCatcherTests.swift; sourceTree = "<group>"; };
		A71B270B1EE5D24700613CF4 /* Info.plist */ = {isa = PBXFileReference; lastKnownFileType = text.plist.xml; path = Info.plist; sourceTree = "<group>"; };
		A71B27101EE5D24700613CF4 /* PodCatcherUITests.xctest */ = {isa = PBXFileReference; explicitFileType = wrapper.cfbundle; includeInIndex = 0; path = PodCatcherUITests.xctest; sourceTree = BUILT_PRODUCTS_DIR; };
		A71B27141EE5D24700613CF4 /* PodCatcherUITests.swift */ = {isa = PBXFileReference; lastKnownFileType = sourcecode.swift; path = PodCatcherUITests.swift; sourceTree = "<group>"; };
		A71B27161EE5D24700613CF4 /* Info.plist */ = {isa = PBXFileReference; lastKnownFileType = text.plist.xml; path = Info.plist; sourceTree = "<group>"; };
		A71B27221EE5D27700613CF4 /* NavigationCoordinator.swift */ = {isa = PBXFileReference; fileEncoding = 4; lastKnownFileType = sourcecode.swift; path = NavigationCoordinator.swift; sourceTree = "<group>"; };
		A71B27241EE5D28600613CF4 /* TabBarCoordinator.swift */ = {isa = PBXFileReference; fileEncoding = 4; lastKnownFileType = sourcecode.swift; path = TabBarCoordinator.swift; sourceTree = "<group>"; };
		A71B27261EE5D29100613CF4 /* MainCoordinator.swift */ = {isa = PBXFileReference; fileEncoding = 4; lastKnownFileType = sourcecode.swift; path = MainCoordinator.swift; sourceTree = "<group>"; };
		A71B27281EE5D31300613CF4 /* Coordinator.swift */ = {isa = PBXFileReference; fileEncoding = 4; lastKnownFileType = sourcecode.swift; path = Coordinator.swift; sourceTree = "<group>"; };
		A71B272A1EE5D4B800613CF4 /* TabBarController.swift */ = {isa = PBXFileReference; fileEncoding = 4; lastKnownFileType = sourcecode.swift; path = TabBarController.swift; sourceTree = "<group>"; };
		A71B272C1EE5D55E00613CF4 /* CoordinatorDelegate.swift */ = {isa = PBXFileReference; fileEncoding = 4; lastKnownFileType = sourcecode.swift; path = CoordinatorDelegate.swift; sourceTree = "<group>"; };
		A71B272E1EE5D57100613CF4 /* CoordinatorType.swift */ = {isa = PBXFileReference; fileEncoding = 4; lastKnownFileType = sourcecode.swift; path = CoordinatorType.swift; sourceTree = "<group>"; };
		A71B27301EE5D6F500613CF4 /* StartCoordinator.swift */ = {isa = PBXFileReference; fileEncoding = 4; lastKnownFileType = sourcecode.swift; path = StartCoordinator.swift; sourceTree = "<group>"; };
		A71B27321EE5D80F00613CF4 /* SplashViewController.swift */ = {isa = PBXFileReference; fileEncoding = 4; lastKnownFileType = sourcecode.swift; path = SplashViewController.swift; sourceTree = "<group>"; };
		A71B27341EE5D81600613CF4 /* SplashView.swift */ = {isa = PBXFileReference; fileEncoding = 4; lastKnownFileType = sourcecode.swift; path = SplashView.swift; sourceTree = "<group>"; };
		A71B27361EE5D87900613CF4 /* UIView+Extension.swift */ = {isa = PBXFileReference; fileEncoding = 4; lastKnownFileType = sourcecode.swift; path = "UIView+Extension.swift"; sourceTree = "<group>"; };
		A71B27381EE5DA7E00613CF4 /* SplashViewDelegate.swift */ = {isa = PBXFileReference; fileEncoding = 4; lastKnownFileType = sourcecode.swift; path = SplashViewDelegate.swift; sourceTree = "<group>"; };
		A71B273A1EE5DB8D00613CF4 /* StartViewController.swift */ = {isa = PBXFileReference; fileEncoding = 4; lastKnownFileType = sourcecode.swift; path = StartViewController.swift; sourceTree = "<group>"; };
		A71B273C1EE5DB9700613CF4 /* StartView.swift */ = {isa = PBXFileReference; fileEncoding = 4; lastKnownFileType = sourcecode.swift; path = StartView.swift; sourceTree = "<group>"; };
		A71B27441EE5E1F200613CF4 /* PCMediaPlayer.swift */ = {isa = PBXFileReference; fileEncoding = 4; lastKnownFileType = sourcecode.swift; path = PCMediaPlayer.swift; sourceTree = "<group>"; };
		A71BFB7F1EE6E94900A35D8E /* PodCaster+CoreDataClass.swift */ = {isa = PBXFileReference; fileEncoding = 4; lastKnownFileType = sourcecode.swift; path = "PodCaster+CoreDataClass.swift"; sourceTree = "<group>"; };
		A71BFB801EE6E94900A35D8E /* PodCaster+CoreDataProperties.swift */ = {isa = PBXFileReference; fileEncoding = 4; lastKnownFileType = sourcecode.swift; path = "PodCaster+CoreDataProperties.swift"; sourceTree = "<group>"; };
		A71BFB831EE6E96000A35D8E /* CasterItems+CoreDataClass.swift */ = {isa = PBXFileReference; fileEncoding = 4; lastKnownFileType = sourcecode.swift; path = "CasterItems+CoreDataClass.swift"; sourceTree = "<group>"; };
		A71BFB841EE6E96000A35D8E /* CasterItems+CoreDataProperties.swift */ = {isa = PBXFileReference; fileEncoding = 4; lastKnownFileType = sourcecode.swift; path = "CasterItems+CoreDataProperties.swift"; sourceTree = "<group>"; };
		A71BFB871EE6F62B00A35D8E /* UnderLineTextField.swift */ = {isa = PBXFileReference; fileEncoding = 4; lastKnownFileType = sourcecode.swift; path = UnderLineTextField.swift; sourceTree = "<group>"; };
		A71BFB891EE6FCB400A35D8E /* PodcastsListTests.swift */ = {isa = PBXFileReference; fileEncoding = 4; lastKnownFileType = sourcecode.swift; path = PodcastsListTests.swift; sourceTree = "<group>"; };
		A73D74081EE684C4004571A5 /* LoadingPopover.swift */ = {isa = PBXFileReference; fileEncoding = 4; lastKnownFileType = sourcecode.swift; path = LoadingPopover.swift; sourceTree = "<group>"; };
		A73D740A1EE684DD004571A5 /* LoadingView.swift */ = {isa = PBXFileReference; fileEncoding = 4; lastKnownFileType = sourcecode.swift; path = LoadingView.swift; sourceTree = "<group>"; };
		A73D740D1EE685FF004571A5 /* AnimationDelegate.swift */ = {isa = PBXFileReference; fileEncoding = 4; lastKnownFileType = sourcecode.swift; path = AnimationDelegate.swift; sourceTree = "<group>"; };
		A73D74111EE68655004571A5 /* CoreDataClient.swift */ = {isa = PBXFileReference; fileEncoding = 4; lastKnownFileType = sourcecode.swift; path = CoreDataClient.swift; sourceTree = "<group>"; };
		A73D74131EE68679004571A5 /* LocalStorageManager.swift */ = {isa = PBXFileReference; fileEncoding = 4; lastKnownFileType = sourcecode.swift; path = LocalStorageManager.swift; sourceTree = "<group>"; };
		A73D74151EE686E6004571A5 /* LoginViewDelegate.swift */ = {isa = PBXFileReference; fileEncoding = 4; lastKnownFileType = sourcecode.swift; path = LoginViewDelegate.swift; sourceTree = "<group>"; };
		A73D74171EE68704004571A5 /* LoginViewModel.swift */ = {isa = PBXFileReference; fileEncoding = 4; lastKnownFileType = sourcecode.swift; path = LoginViewModel.swift; sourceTree = "<group>"; };
		A73D74191EE68729004571A5 /* LoginViewControllerDelegate.swift */ = {isa = PBXFileReference; fileEncoding = 4; lastKnownFileType = sourcecode.swift; path = LoginViewControllerDelegate.swift; sourceTree = "<group>"; };
		A73D742F1EE6881E004571A5 /* LogoConstants.swift */ = {isa = PBXFileReference; fileEncoding = 4; lastKnownFileType = sourcecode.swift; path = LogoConstants.swift; sourceTree = "<group>"; };
		A73D74311EE68844004571A5 /* SplashViewControllerDelegate.swift */ = {isa = PBXFileReference; fileEncoding = 4; lastKnownFileType = sourcecode.swift; path = SplashViewControllerDelegate.swift; sourceTree = "<group>"; };
		A73D74391EE68890004571A5 /* CreateAccountViewDelegate.swift */ = {isa = PBXFileReference; fileEncoding = 4; lastKnownFileType = sourcecode.swift; path = CreateAccountViewDelegate.swift; sourceTree = "<group>"; };
		A73D743B1EE688AF004571A5 /* CreateAccountViewControllerDelegate.swift */ = {isa = PBXFileReference; fileEncoding = 4; lastKnownFileType = sourcecode.swift; path = CreateAccountViewControllerDelegate.swift; sourceTree = "<group>"; };
		A73D743E1EE688E6004571A5 /* SettingsViewDelegate.swift */ = {isa = PBXFileReference; fileEncoding = 4; lastKnownFileType = sourcecode.swift; path = SettingsViewDelegate.swift; sourceTree = "<group>"; };
		A73D74401EE68902004571A5 /* SettingsViewControllerDelegate.swift */ = {isa = PBXFileReference; fileEncoding = 4; lastKnownFileType = sourcecode.swift; path = SettingsViewControllerDelegate.swift; sourceTree = "<group>"; };
		A77EDF4E1EE5E6C4001A24E5 /* Caster.swift */ = {isa = PBXFileReference; fileEncoding = 4; lastKnownFileType = sourcecode.swift; path = Caster.swift; sourceTree = "<group>"; };
		A77EDF521EE5F426001A24E5 /* PodCatcherItem.swift */ = {isa = PBXFileReference; fileEncoding = 4; lastKnownFileType = sourcecode.swift; path = PodCatcherItem.swift; sourceTree = "<group>"; };
		A77EDF541EE5FA61001A24E5 /* MediaCell.swift */ = {isa = PBXFileReference; fileEncoding = 4; lastKnownFileType = sourcecode.swift; path = MediaCell.swift; sourceTree = "<group>"; };
		A77EDF561EE5FAA5001A24E5 /* UIImageView+Extension.swift */ = {isa = PBXFileReference; fileEncoding = 4; lastKnownFileType = sourcecode.swift; path = "UIImageView+Extension.swift"; sourceTree = "<group>"; };
		A77EDF581EE5FAC2001A24E5 /* CALayer+Extension.swift */ = {isa = PBXFileReference; fileEncoding = 4; lastKnownFileType = sourcecode.swift; path = "CALayer+Extension.swift"; sourceTree = "<group>"; };
		A77EDF5A1EE5FB3B001A24E5 /* MediaCellConstants.swift */ = {isa = PBXFileReference; fileEncoding = 4; lastKnownFileType = sourcecode.swift; path = MediaCellConstants.swift; sourceTree = "<group>"; };
		A77EDF5C1EE5FB5F001A24E5 /* ReusableProtocol.swift */ = {isa = PBXFileReference; fileEncoding = 4; lastKnownFileType = sourcecode.swift; path = ReusableProtocol.swift; sourceTree = "<group>"; };
		A77EDF5E1EE5FB83001A24E5 /* MediaCellModelerProtocol.swift */ = {isa = PBXFileReference; fileEncoding = 4; lastKnownFileType = sourcecode.swift; path = MediaCellModelerProtocol.swift; sourceTree = "<group>"; };
		A77EDF601EE5FBA0001A24E5 /* MediaCellViewModel.swift */ = {isa = PBXFileReference; fileEncoding = 4; lastKnownFileType = sourcecode.swift; path = MediaCellViewModel.swift; sourceTree = "<group>"; };
		A77EDF621EE5FBE4001A24E5 /* TrackItemsFlowLayout.swift */ = {isa = PBXFileReference; fileEncoding = 4; lastKnownFileType = sourcecode.swift; path = TrackItemsFlowLayout.swift; sourceTree = "<group>"; };
		A77EDF641EE5FC17001A24E5 /* EmptyView.swift */ = {isa = PBXFileReference; fileEncoding = 4; lastKnownFileType = sourcecode.swift; path = EmptyView.swift; sourceTree = "<group>"; };
		A77EDF661EE5FC38001A24E5 /* UILabel+Extension.swift */ = {isa = PBXFileReference; fileEncoding = 4; lastKnownFileType = sourcecode.swift; path = "UILabel+Extension.swift"; sourceTree = "<group>"; };
		A77EDF6F1EE5FD57001A24E5 /* MediaCollectionViewController.swift */ = {isa = PBXFileReference; fileEncoding = 4; lastKnownFileType = sourcecode.swift; path = MediaCollectionViewController.swift; sourceTree = "<group>"; };
		A77EDF711EE5FDA9001A24E5 /* UICollectionView+Extension.swift */ = {isa = PBXFileReference; fileEncoding = 4; lastKnownFileType = sourcecode.swift; path = "UICollectionView+Extension.swift"; sourceTree = "<group>"; };
		A77EDF731EE5FDE5001A24E5 /* BaseMediaCollectionDataSource.swift */ = {isa = PBXFileReference; fileEncoding = 4; lastKnownFileType = sourcecode.swift; path = BaseMediaCollectionDataSource.swift; sourceTree = "<group>"; };
		A77EDF751EE5FDFA001A24E5 /* MediaDataStore.swift */ = {isa = PBXFileReference; fileEncoding = 4; lastKnownFileType = sourcecode.swift; path = MediaDataStore.swift; sourceTree = "<group>"; };
		A77EDF771EE5FF72001A24E5 /* UIColor+Extension.swift */ = {isa = PBXFileReference; fileEncoding = 4; lastKnownFileType = sourcecode.swift; path = "UIColor+Extension.swift"; sourceTree = "<group>"; };
		A77EDF791EE5FF93001A24E5 /* UIViewController+Extension.swift */ = {isa = PBXFileReference; fileEncoding = 4; lastKnownFileType = sourcecode.swift; path = "UIViewController+Extension.swift"; sourceTree = "<group>"; };
		A77EDF7B1EE5FFAB001A24E5 /* ViewType.swift */ = {isa = PBXFileReference; fileEncoding = 4; lastKnownFileType = sourcecode.swift; path = ViewType.swift; sourceTree = "<group>"; };
		A77EDF7D1EE5FFE9001A24E5 /* CALayerConstants.swift */ = {isa = PBXFileReference; fileEncoding = 4; lastKnownFileType = sourcecode.swift; path = CALayerConstants.swift; sourceTree = "<group>"; };
		A77EDF7F1EE6007E001A24E5 /* CollectionViewAttributes.swift */ = {isa = PBXFileReference; fileEncoding = 4; lastKnownFileType = sourcecode.swift; path = CollectionViewAttributes.swift; sourceTree = "<group>"; };
		A77EDF811EE61338001A24E5 /* MediaCollectionControllerDelegate.swift */ = {isa = PBXFileReference; fileEncoding = 4; lastKnownFileType = sourcecode.swift; path = MediaCollectionControllerDelegate.swift; sourceTree = "<group>"; };
		A77EDF831EE613E2001A24E5 /* ApplicationCoordinator.swift */ = {isa = PBXFileReference; fileEncoding = 4; lastKnownFileType = sourcecode.swift; path = ApplicationCoordinator.swift; sourceTree = "<group>"; };
		A77EDF851EE614CD001A24E5 /* StartViewControllerDelegate.swift */ = {isa = PBXFileReference; fileEncoding = 4; lastKnownFileType = sourcecode.swift; path = StartViewControllerDelegate.swift; sourceTree = "<group>"; };
		A77EDF871EE614FB001A24E5 /* ButtonFactory.swift */ = {isa = PBXFileReference; fileEncoding = 4; lastKnownFileType = sourcecode.swift; path = ButtonFactory.swift; sourceTree = "<group>"; };
		A7894F9D1EE69C03000CC190 /* SettingsTests.swift */ = {isa = PBXFileReference; fileEncoding = 4; lastKnownFileType = sourcecode.swift; path = SettingsTests.swift; sourceTree = "<group>"; };
		A7894F9F1EE69C1E000CC190 /* LoginTests.swift */ = {isa = PBXFileReference; fileEncoding = 4; lastKnownFileType = sourcecode.swift; path = LoginTests.swift; sourceTree = "<group>"; };
		A7894FA11EE69E2B000CC190 /* TestMainCoordinator.swift */ = {isa = PBXFileReference; fileEncoding = 4; lastKnownFileType = sourcecode.swift; path = TestMainCoordinator.swift; sourceTree = "<group>"; };
		A7894FA31EE69E6A000CC190 /* LoginUITests.swift */ = {isa = PBXFileReference; fileEncoding = 4; lastKnownFileType = sourcecode.swift; path = LoginUITests.swift; sourceTree = "<group>"; };
		A7894FA51EE6AE44000CC190 /* PodCatcherUser.swift */ = {isa = PBXFileReference; fileEncoding = 4; lastKnownFileType = sourcecode.swift; path = PodCatcherUser.swift; sourceTree = "<group>"; };
		A7894FA71EE6C861000CC190 /* PreferencesView.swift */ = {isa = PBXFileReference; fileEncoding = 4; lastKnownFileType = sourcecode.swift; path = PreferencesView.swift; sourceTree = "<group>"; };
		A7894FA91EE6DC5E000CC190 /* PreferencesViewDelegate.swift */ = {isa = PBXFileReference; fileEncoding = 4; lastKnownFileType = sourcecode.swift; path = PreferencesViewDelegate.swift; sourceTree = "<group>"; };
		A7A54E9E1EE70CFB009A5538 /* PopoverTests.swift */ = {isa = PBXFileReference; fileEncoding = 4; lastKnownFileType = sourcecode.swift; path = PopoverTests.swift; sourceTree = "<group>"; };
		A7EBA0991EE672A700FAAC9C /* UserDataAPIClient.swift */ = {isa = PBXFileReference; fileEncoding = 4; lastKnownFileType = sourcecode.swift; path = UserDataAPIClient.swift; sourceTree = "<group>"; };
		A7EBA09C1EE672E300FAAC9C /* CoreDataStack.swift */ = {isa = PBXFileReference; fileEncoding = 4; lastKnownFileType = sourcecode.swift; path = CoreDataStack.swift; sourceTree = "<group>"; };
		A7EBA0A01EE6739000FAAC9C /* LoginView.swift */ = {isa = PBXFileReference; fileEncoding = 4; lastKnownFileType = sourcecode.swift; path = LoginView.swift; sourceTree = "<group>"; };
		A7EBA0A21EE673AA00FAAC9C /* LoginViewController.swift */ = {isa = PBXFileReference; fileEncoding = 4; lastKnownFileType = sourcecode.swift; path = LoginViewController.swift; sourceTree = "<group>"; };
		A7EBA0A41EE6740300FAAC9C /* String+Extension.swift */ = {isa = PBXFileReference; fileEncoding = 4; lastKnownFileType = sourcecode.swift; path = "String+Extension.swift"; sourceTree = "<group>"; };
		A7EBA0A61EE6743800FAAC9C /* TextFieldExtension.swift */ = {isa = PBXFileReference; fileEncoding = 4; lastKnownFileType = sourcecode.swift; path = TextFieldExtension.swift; sourceTree = "<group>"; };
		A7EBA0A91EE6772200FAAC9C /* CreateAccountView.swift */ = {isa = PBXFileReference; fileEncoding = 4; lastKnownFileType = sourcecode.swift; path = CreateAccountView.swift; sourceTree = "<group>"; };
		A7EBA0AB1EE6775500FAAC9C /* CreateAccountViewController.swift */ = {isa = PBXFileReference; fileEncoding = 4; lastKnownFileType = sourcecode.swift; path = CreateAccountViewController.swift; sourceTree = "<group>"; };
		A7EBA0AE1EE6783700FAAC9C /* SettingsViewController.swift */ = {isa = PBXFileReference; fileEncoding = 4; lastKnownFileType = sourcecode.swift; path = SettingsViewController.swift; sourceTree = "<group>"; };
		A7EBA0B01EE6784E00FAAC9C /* SettingsView.swift */ = {isa = PBXFileReference; fileEncoding = 4; lastKnownFileType = sourcecode.swift; path = SettingsView.swift; sourceTree = "<group>"; };
		A7EBA0B21EE6786400FAAC9C /* SettingsOptionView.swift */ = {isa = PBXFileReference; fileEncoding = 4; lastKnownFileType = sourcecode.swift; path = SettingsOptionView.swift; sourceTree = "<group>"; };
		A7EBA0B41EE680BE00FAAC9C /* BasePopoverAlert.swift */ = {isa = PBXFileReference; fileEncoding = 4; lastKnownFileType = sourcecode.swift; path = BasePopoverAlert.swift; sourceTree = "<group>"; };
		A7EBA0B61EE680DF00FAAC9C /* BasePopView.swift */ = {isa = PBXFileReference; fileEncoding = 4; lastKnownFileType = sourcecode.swift; path = BasePopView.swift; sourceTree = "<group>"; };
		A7EBA0B81EE6815300FAAC9C /* MenuView.swift */ = {isa = PBXFileReference; fileEncoding = 4; lastKnownFileType = sourcecode.swift; path = MenuView.swift; sourceTree = "<group>"; };
		A7EBA0BA1EE681F400FAAC9C /* BottomMenuPopover.swift */ = {isa = PBXFileReference; fileEncoding = 4; lastKnownFileType = sourcecode.swift; path = BottomMenuPopover.swift; sourceTree = "<group>"; };
		A7EBA0BF1EE6828A00FAAC9C /* BasePopConstants.swift */ = {isa = PBXFileReference; fileEncoding = 4; lastKnownFileType = sourcecode.swift; path = BasePopConstants.swift; sourceTree = "<group>"; };
		A7EBA0C11EE682B200FAAC9C /* BaseMenuPopoverAlert.swift */ = {isa = PBXFileReference; fileEncoding = 4; lastKnownFileType = sourcecode.swift; path = BaseMenuPopoverAlert.swift; sourceTree = "<group>"; };
		A7EBA0C31EE682DF00FAAC9C /* MenuOptionView.swift */ = {isa = PBXFileReference; fileEncoding = 4; lastKnownFileType = sourcecode.swift; path = MenuOptionView.swift; sourceTree = "<group>"; };
		A7EBA0C51EE6830400FAAC9C /* DetailViewConstants.swift */ = {isa = PBXFileReference; fileEncoding = 4; lastKnownFileType = sourcecode.swift; path = DetailViewConstants.swift; sourceTree = "<group>"; };
		A7EBA0C71EE6831F00FAAC9C /* MenuDelegate.swift */ = {isa = PBXFileReference; fileEncoding = 4; lastKnownFileType = sourcecode.swift; path = MenuDelegate.swift; sourceTree = "<group>"; };
		A7EBA0C91EE6836400FAAC9C /* NSError+Extension.swift */ = {isa = PBXFileReference; fileEncoding = 4; lastKnownFileType = sourcecode.swift; path = "NSError+Extension.swift"; sourceTree = "<group>"; };
		A7EBA0CB1EE683C900FAAC9C /* BallAnimation.swift */ = {isa = PBXFileReference; fileEncoding = 4; lastKnownFileType = sourcecode.swift; path = BallAnimation.swift; sourceTree = "<group>"; };
/* End PBXFileReference section */

/* Begin PBXFrameworksBuildPhase section */
		A7150EC91EE637C700E3553F /* Frameworks */ = {
			isa = PBXFrameworksBuildPhase;
			buildActionMask = 2147483647;
			files = (
			);
			runOnlyForDeploymentPostprocessing = 0;
		};
		A71B26EB1EE5D24700613CF4 /* Frameworks */ = {
			isa = PBXFrameworksBuildPhase;
			buildActionMask = 2147483647;
			files = (
			);
			runOnlyForDeploymentPostprocessing = 0;
		};
		A71B270D1EE5D24700613CF4 /* Frameworks */ = {
			isa = PBXFrameworksBuildPhase;
			buildActionMask = 2147483647;
			files = (
			);
			runOnlyForDeploymentPostprocessing = 0;
		};
/* End PBXFrameworksBuildPhase section */

/* Begin PBXGroup section */
		A7150EB51EE6242200E3553F /* MediaCollection */ = {
			isa = PBXGroup;
			children = (
				A73D74281EE687D2004571A5 /* Controllers */,
				A73D74291EE687DE004571A5 /* DataSource */,
				A73D742A1EE687E8004571A5 /* Delegate */,
				A73D74261EE687C7004571A5 /* Layout */,
				A73D74271EE687CC004571A5 /* Views */,
			);
			path = MediaCollection;
			sourceTree = "<group>";
		};
		A7150EB61EE6243E00E3553F /* UI */ = {
			isa = PBXGroup;
			children = (
				A73D740C1EE685E8004571A5 /* Animation */,
				A7EBA0981EE6727C00FAAC9C /* Constants */,
				A7EBA09F1EE6731B00FAAC9C /* Elements */,
				A77EDF6A1EE5FCA2001A24E5 /* Extensions */,
				A77EDF6E1EE5FCED001A24E5 /* Screens */,
			);
			path = UI;
			sourceTree = "<group>";
		};
		A7150EB71EE6246A00E3553F /* Data */ = {
			isa = PBXGroup;
			children = (
				A71BFB831EE6E96000A35D8E /* CasterItems+CoreDataClass.swift */,
				A71BFB841EE6E96000A35D8E /* CasterItems+CoreDataProperties.swift */,
				A71BFB7F1EE6E94900A35D8E /* PodCaster+CoreDataClass.swift */,
				A71BFB801EE6E94900A35D8E /* PodCaster+CoreDataProperties.swift */,
				A73D74111EE68655004571A5 /* CoreDataClient.swift */,
				A7EBA09C1EE672E300FAAC9C /* CoreDataStack.swift */,
			);
			path = Data;
			sourceTree = "<group>";
		};
		A7150EC21EE631DA00E3553F /* Player */ = {
			isa = PBXGroup;
			children = (
				A73D74361EE68865004571A5 /* Controllers */,
				A73D74381EE68871004571A5 /* Delegates */,
				A73D74371EE6886B004571A5 /* Models */,
				A73D74351EE6885E004571A5 /* Views */,
			);
			path = Player;
			sourceTree = "<group>";
		};
		A7150EC31EE631E700E3553F /* Coordinator */ = {
			isa = PBXGroup;
			children = (
				A71B27281EE5D31300613CF4 /* Coordinator.swift */,
				A71B272C1EE5D55E00613CF4 /* CoordinatorDelegate.swift */,
				A71B272E1EE5D57100613CF4 /* CoordinatorType.swift */,
			);
			path = Coordinator;
			sourceTree = "<group>";
		};
		A7150EC41EE631FE00E3553F /* Tab */ = {
			isa = PBXGroup;
			children = (
				A7150EE01EE655F800E3553F /* MediaTabCoordinator.swift */,
				A71B272A1EE5D4B800613CF4 /* TabBarController.swift */,
				A71B27241EE5D28600613CF4 /* TabBarCoordinator.swift */,
				A7150EB81EE6270500E3553F /* TabControllerCoordinator.swift */,
				A7150EB31EE621E600E3553F /* TabCoordinator.swift */,
			);
			path = Tab;
			sourceTree = "<group>";
		};
		A7150EC51EE6320400E3553F /* Start */ = {
			isa = PBXGroup;
			children = (
				A71B27301EE5D6F500613CF4 /* StartCoordinator.swift */,
			);
			path = Start;
			sourceTree = "<group>";
		};
		A7150ECD1EE637C700E3553F /* PodCatcherTests */ = {
			isa = PBXGroup;
			children = (
				A7150ED01EE637C700E3553F /* Info.plist */,
				A7150ECE1EE637C700E3553F /* PodCatcherTests.swift */,
			);
			path = PodCatcherTests;
			sourceTree = "<group>";
		};
		A7150EEC1EE658D900E3553F /* PodcastList */ = {
			isa = PBXGroup;
			children = (
				A73D741F1EE68764004571A5 /* Controllers */,
				A73D74201EE68769004571A5 /* Delegates */,
				A73D74251EE6879B004571A5 /* Models */,
				A73D74211EE68770004571A5 /* Views */,
			);
			path = PodcastList;
			sourceTree = "<group>";
		};
		A71B26E51EE5D24700613CF4 = {
			isa = PBXGroup;
			children = (
				A71B26F01EE5D24700613CF4 /* PodCatcher */,
				A71B27081EE5D24700613CF4 /* PodCatcherTests */,
				A7150ECD1EE637C700E3553F /* PodCatcherTests */,
				A71B27131EE5D24700613CF4 /* PodCatcherUITests */,
				A71B26EF1EE5D24700613CF4 /* Products */,
			);
			sourceTree = "<group>";
		};
		A71B26EF1EE5D24700613CF4 /* Products */ = {
			isa = PBXGroup;
			children = (
				A71B26EE1EE5D24700613CF4 /* PodCatcher.app */,
				A71B27101EE5D24700613CF4 /* PodCatcherUITests.xctest */,
				A7150ECC1EE637C700E3553F /* PodCatcherTests.xctest */,
			);
			name = Products;
			sourceTree = "<group>";
		};
		A71B26F01EE5D24700613CF4 /* PodCatcher */ = {
			isa = PBXGroup;
			children = (
				A7EBA09E1EE672FA00FAAC9C /* ApplicationServices */,
				A71B27421EE5E1C800613CF4 /* Coordinators */,
				A71B27431EE5E1D000613CF4 /* Models */,
				A77EDF6C1EE5FCBC001A24E5 /* Protocols */,
				A73D744C1EE68975004571A5 /* Resources */,
				A7150EB61EE6243E00E3553F /* UI */,
				A71B26F11EE5D24700613CF4 /* AppDelegate.swift */,
			);
			path = PodCatcher;
			sourceTree = "<group>";
		};
		A71B27081EE5D24700613CF4 /* PodCatcherTests */ = {
			isa = PBXGroup;
			children = (
				A71B270B1EE5D24700613CF4 /* Info.plist */,
				A7150EDA1EE638E000E3553F /* MediaPlayerTests.swift */,
				A7150EDC1EE6399200E3553F /* PlayerControllerTests.swift */,
				A71B27091EE5D24700613CF4 /* PodCatcherTests.swift */,
				A7150ED61EE638A900E3553F /* StartCoordinatorTests.swift */,
				A7894F9D1EE69C03000CC190 /* SettingsTests.swift */,
				A7894F9F1EE69C1E000CC190 /* LoginTests.swift */,
				A7894FA11EE69E2B000CC190 /* TestMainCoordinator.swift */,
				A71BFB891EE6FCB400A35D8E /* PodcastsListTests.swift */,
				A7A54E9E1EE70CFB009A5538 /* PopoverTests.swift */,
			);
			path = PodCatcherTests;
			sourceTree = "<group>";
		};
		A71B27131EE5D24700613CF4 /* PodCatcherUITests */ = {
			isa = PBXGroup;
			children = (
				A71B27161EE5D24700613CF4 /* Info.plist */,
				A71B27141EE5D24700613CF4 /* PodCatcherUITests.swift */,
				A7894FA31EE69E6A000CC190 /* LoginUITests.swift */,
			);
			path = PodCatcherUITests;
			sourceTree = "<group>";
		};
		A71B27421EE5E1C800613CF4 /* Coordinators */ = {
			isa = PBXGroup;
			children = (
				A7150EC31EE631E700E3553F /* Coordinator */,
				A7150EC51EE6320400E3553F /* Start */,
				A7150EC41EE631FE00E3553F /* Tab */,
				A77EDF831EE613E2001A24E5 /* ApplicationCoordinator.swift */,
				A71B27261EE5D29100613CF4 /* MainCoordinator.swift */,
				A71B27221EE5D27700613CF4 /* NavigationCoordinator.swift */,
			);
			path = Coordinators;
			sourceTree = "<group>";
		};
		A71B27431EE5E1D000613CF4 /* Models */ = {
			isa = PBXGroup;
			children = (
				A77EDF4E1EE5E6C4001A24E5 /* Caster.swift */,
				A77EDF521EE5F426001A24E5 /* PodCatcherItem.swift */,
				A7894FA51EE6AE44000CC190 /* PodCatcherUser.swift */,
			);
			path = Models;
			sourceTree = "<group>";
		};
		A73D740C1EE685E8004571A5 /* Animation */ = {
			isa = PBXGroup;
			children = (
				A73D740F1EE6861D004571A5 /* Ball */,
				A73D740D1EE685FF004571A5 /* AnimationDelegate.swift */,
			);
			path = Animation;
			sourceTree = "<group>";
		};
		A73D740F1EE6861D004571A5 /* Ball */ = {
			isa = PBXGroup;
			children = (
				A7EBA0CB1EE683C900FAAC9C /* BallAnimation.swift */,
			);
			path = Ball;
			sourceTree = "<group>";
		};
		A73D74101EE6862E004571A5 /* Loading */ = {
			isa = PBXGroup;
			children = (
				A73D74081EE684C4004571A5 /* LoadingPopover.swift */,
				A73D740A1EE684DD004571A5 /* LoadingView.swift */,
			);
			path = Loading;
			sourceTree = "<group>";
		};
		A73D741B1EE6873C004571A5 /* Delegates */ = {
			isa = PBXGroup;
			children = (
				A73D74191EE68729004571A5 /* LoginViewControllerDelegate.swift */,
				A73D74151EE686E6004571A5 /* LoginViewDelegate.swift */,
			);
			path = Delegates;
			sourceTree = "<group>";
		};
		A73D741C1EE68752004571A5 /* Views */ = {
			isa = PBXGroup;
			children = (
				A7EBA0A01EE6739000FAAC9C /* LoginView.swift */,
			);
			path = Views;
			sourceTree = "<group>";
		};
		A73D741D1EE68757004571A5 /* Controllers */ = {
			isa = PBXGroup;
			children = (
				A7EBA0A21EE673AA00FAAC9C /* LoginViewController.swift */,
			);
			path = Controllers;
			sourceTree = "<group>";
		};
		A73D741E1EE6875D004571A5 /* Models */ = {
			isa = PBXGroup;
			children = (
				A73D74171EE68704004571A5 /* LoginViewModel.swift */,
			);
			path = Models;
			sourceTree = "<group>";
		};
		A73D741F1EE68764004571A5 /* Controllers */ = {
			isa = PBXGroup;
			children = (
				A7150EC61EE6337D00E3553F /* PodcastListViewController.swift */,
			);
			path = Controllers;
			sourceTree = "<group>";
		};
		A73D74201EE68769004571A5 /* Delegates */ = {
			isa = PBXGroup;
			children = (
				A7150EE61EE6568B00E3553F /* PodcastListViewControllerDelegate.swift */,
			);
			path = Delegates;
			sourceTree = "<group>";
		};
		A73D74211EE68770004571A5 /* Views */ = {
			isa = PBXGroup;
			children = (
				A73D74221EE68781004571A5 /* Cell */,
				A7150EEF1EE6609200E3553F /* PodcastListTopView.swift */,
				A7894FA71EE6C861000CC190 /* PreferencesView.swift */,
				A7894FA91EE6DC5E000CC190 /* PreferencesViewDelegate.swift */,
			);
			path = Views;
			sourceTree = "<group>";
		};
		A73D74221EE68781004571A5 /* Cell */ = {
			isa = PBXGroup;
			children = (
				A7150EDE1EE63E7200E3553F /* PodcastCell.swift */,
				A7150EE81EE6571200E3553F /* PodcastCellModel.swift */,
			);
			path = Cell;
			sourceTree = "<group>";
		};
		A73D74251EE6879B004571A5 /* Models */ = {
			isa = PBXGroup;
			children = (
				A7150EE41EE6566600E3553F /* PodcasterControllState.swift */,
			);
			path = Models;
			sourceTree = "<group>";
		};
		A73D74261EE687C7004571A5 /* Layout */ = {
			isa = PBXGroup;
			children = (
				A77EDF621EE5FBE4001A24E5 /* TrackItemsFlowLayout.swift */,
			);
			path = Layout;
			sourceTree = "<group>";
		};
		A73D74271EE687CC004571A5 /* Views */ = {
			isa = PBXGroup;
			children = (
				A77EDF6D1EE5FCC9001A24E5 /* MediaCell */,
				A7150EF31EE66C8E00E3553F /* ShowView.swift */,
			);
			path = Views;
			sourceTree = "<group>";
		};
		A73D74281EE687D2004571A5 /* Controllers */ = {
			isa = PBXGroup;
			children = (
				A77EDF6F1EE5FD57001A24E5 /* MediaCollectionViewController.swift */,
			);
			path = Controllers;
			sourceTree = "<group>";
		};
		A73D74291EE687DE004571A5 /* DataSource */ = {
			isa = PBXGroup;
			children = (
				A77EDF731EE5FDE5001A24E5 /* BaseMediaCollectionDataSource.swift */,
			);
			path = DataSource;
			sourceTree = "<group>";
		};
		A73D742A1EE687E8004571A5 /* Delegate */ = {
			isa = PBXGroup;
			children = (
				A77EDF811EE61338001A24E5 /* MediaCollectionControllerDelegate.swift */,
			);
			path = Delegate;
			sourceTree = "<group>";
		};
		A73D742B1EE687F0004571A5 /* Controllers */ = {
			isa = PBXGroup;
			children = (
				A71B273A1EE5DB8D00613CF4 /* StartViewController.swift */,
			);
			path = Controllers;
			sourceTree = "<group>";
		};
		A73D742C1EE687FA004571A5 /* Views */ = {
			isa = PBXGroup;
			children = (
				A71B273C1EE5DB9700613CF4 /* StartView.swift */,
			);
			path = Views;
			sourceTree = "<group>";
		};
		A73D742D1EE687FF004571A5 /* Delegates */ = {
			isa = PBXGroup;
			children = (
				A77EDF851EE614CD001A24E5 /* StartViewControllerDelegate.swift */,
				A7150EEA1EE657D000E3553F /* StartViewDelegate.swift */,
			);
			path = Delegates;
			sourceTree = "<group>";
		};
		A73D742E1EE68809004571A5 /* Controllers */ = {
			isa = PBXGroup;
			children = (
				A71B27321EE5D80F00613CF4 /* SplashViewController.swift */,
			);
			path = Controllers;
			sourceTree = "<group>";
		};
		A73D74331EE68851004571A5 /* Viewa */ = {
			isa = PBXGroup;
			children = (
				A71B27341EE5D81600613CF4 /* SplashView.swift */,
			);
			path = Viewa;
			sourceTree = "<group>";
		};
		A73D74341EE68856004571A5 /* Delegates */ = {
			isa = PBXGroup;
			children = (
				A73D74311EE68844004571A5 /* SplashViewControllerDelegate.swift */,
				A71B27381EE5DA7E00613CF4 /* SplashViewDelegate.swift */,
			);
			path = Delegates;
			sourceTree = "<group>";
		};
		A73D74351EE6885E004571A5 /* Views */ = {
			isa = PBXGroup;
			children = (
				A7150EBA1EE62DF900E3553F /* PlayerView.swift */,
			);
			path = Views;
			sourceTree = "<group>";
		};
		A73D74361EE68865004571A5 /* Controllers */ = {
			isa = PBXGroup;
			children = (
				A7150EBC1EE62E0300E3553F /* PlayerViewController.swift */,
			);
			path = Controllers;
			sourceTree = "<group>";
		};
		A73D74371EE6886B004571A5 /* Models */ = {
			isa = PBXGroup;
			children = (
				A7150EF11EE66C0E00E3553F /* PlayerViewModel.swift */,
			);
			path = Models;
			sourceTree = "<group>";
		};
		A73D74381EE68871004571A5 /* Delegates */ = {
			isa = PBXGroup;
			children = (
				A7150EC01EE62E1700E3553F /* PlayerViewControllerDelegate.swift */,
				A7150EBE1EE62E0D00E3553F /* PlayerViewDelegate.swift */,
			);
			path = Delegates;
			sourceTree = "<group>";
		};
		A73D743D1EE688D2004571A5 /* Settings */ = {
			isa = PBXGroup;
			children = (
				A73D74441EE68926004571A5 /* Controllers */,
				A73D74421EE6891B004571A5 /* Delegates */,
				A73D74431EE68922004571A5 /* Views */,
			);
			path = Settings;
			sourceTree = "<group>";
		};
		A73D74421EE6891B004571A5 /* Delegates */ = {
			isa = PBXGroup;
			children = (
				A73D74401EE68902004571A5 /* SettingsViewControllerDelegate.swift */,
				A73D743E1EE688E6004571A5 /* SettingsViewDelegate.swift */,
			);
			path = Delegates;
			sourceTree = "<group>";
		};
		A73D74431EE68922004571A5 /* Views */ = {
			isa = PBXGroup;
			children = (
				A7EBA0B21EE6786400FAAC9C /* SettingsOptionView.swift */,
				A7EBA0B01EE6784E00FAAC9C /* SettingsView.swift */,
			);
			path = Views;
			sourceTree = "<group>";
		};
		A73D74441EE68926004571A5 /* Controllers */ = {
			isa = PBXGroup;
			children = (
				A7EBA0AE1EE6783700FAAC9C /* SettingsViewController.swift */,
			);
			path = Controllers;
			sourceTree = "<group>";
		};
		A73D74451EE6892C004571A5 /* Delegates */ = {
			isa = PBXGroup;
			children = (
				A73D743B1EE688AF004571A5 /* CreateAccountViewControllerDelegate.swift */,
				A73D74391EE68890004571A5 /* CreateAccountViewDelegate.swift */,
			);
			path = Delegates;
			sourceTree = "<group>";
		};
		A73D74461EE68933004571A5 /* Controllers */ = {
			isa = PBXGroup;
			children = (
				A7EBA0AB1EE6775500FAAC9C /* CreateAccountViewController.swift */,
			);
			path = Controllers;
			sourceTree = "<group>";
		};
		A73D74471EE68938004571A5 /* Views */ = {
			isa = PBXGroup;
			children = (
				A7EBA0A91EE6772200FAAC9C /* CreateAccountView.swift */,
			);
			path = Views;
			sourceTree = "<group>";
		};
		A73D74481EE68945004571A5 /* TextField */ = {
			isa = PBXGroup;
			children = (
				A7EBA0A61EE6743800FAAC9C /* TextFieldExtension.swift */,
				A71BFB871EE6F62B00A35D8E /* UnderLineTextField.swift */,
			);
			path = TextField;
			sourceTree = "<group>";
		};
		A73D74491EE6894C004571A5 /* Buttons */ = {
			isa = PBXGroup;
			children = (
				A77EDF871EE614FB001A24E5 /* ButtonFactory.swift */,
			);
			path = Buttons;
			sourceTree = "<group>";
		};
		A73D744A1EE68952004571A5 /* Views */ = {
			isa = PBXGroup;
			children = (
				A77EDF641EE5FC17001A24E5 /* EmptyView.swift */,
			);
			path = Views;
			sourceTree = "<group>";
		};
		A73D744B1EE68968004571A5 /* Extensions */ = {
			isa = PBXGroup;
			children = (
				A7EBA0C91EE6836400FAAC9C /* NSError+Extension.swift */,
				A7EBA0A41EE6740300FAAC9C /* String+Extension.swift */,
			);
			path = Extensions;
			sourceTree = "<group>";
		};
		A73D744C1EE68975004571A5 /* Resources */ = {
			isa = PBXGroup;
			children = (
				A71B26FB1EE5D24700613CF4 /* Assets.xcassets */,
				A71B27001EE5D24700613CF4 /* Info.plist */,
				A71B26FD1EE5D24700613CF4 /* LaunchScreen.storyboard */,
				A71B26F81EE5D24700613CF4 /* PodCatcher.xcdatamodeld */,
			);
			path = Resources;
			sourceTree = "<group>";
		};
		A77EDF681EE5FC95001A24E5 /* Splash */ = {
			isa = PBXGroup;
			children = (
				A73D742E1EE68809004571A5 /* Controllers */,
				A73D74341EE68856004571A5 /* Delegates */,
				A73D74331EE68851004571A5 /* Viewa */,
			);
			path = Splash;
			sourceTree = "<group>";
		};
		A77EDF691EE5FC9C001A24E5 /* LocalServices */ = {
			isa = PBXGroup;
			children = (
				A73D74131EE68679004571A5 /* LocalStorageManager.swift */,
				A77EDF751EE5FDFA001A24E5 /* MediaDataStore.swift */,
				A71B27441EE5E1F200613CF4 /* PCMediaPlayer.swift */,
			);
			path = LocalServices;
			sourceTree = "<group>";
		};
		A77EDF6A1EE5FCA2001A24E5 /* Extensions */ = {
			isa = PBXGroup;
			children = (
				A77EDF581EE5FAC2001A24E5 /* CALayer+Extension.swift */,
				A77EDF7D1EE5FFE9001A24E5 /* CALayerConstants.swift */,
				A73D742F1EE6881E004571A5 /* LogoConstants.swift */,
				A77EDF711EE5FDA9001A24E5 /* UICollectionView+Extension.swift */,
				A77EDF771EE5FF72001A24E5 /* UIColor+Extension.swift */,
				A77EDF561EE5FAA5001A24E5 /* UIImageView+Extension.swift */,
				A77EDF661EE5FC38001A24E5 /* UILabel+Extension.swift */,
				A71B27361EE5D87900613CF4 /* UIView+Extension.swift */,
				A77EDF791EE5FF93001A24E5 /* UIViewController+Extension.swift */,
				A77EDF7B1EE5FFAB001A24E5 /* ViewType.swift */,
			);
			path = Extensions;
			sourceTree = "<group>";
		};
		A77EDF6B1EE5FCB6001A24E5 /* Start */ = {
			isa = PBXGroup;
			children = (
				A73D742B1EE687F0004571A5 /* Controllers */,
				A73D742D1EE687FF004571A5 /* Delegates */,
				A73D742C1EE687FA004571A5 /* Views */,
			);
			path = Start;
			sourceTree = "<group>";
		};
		A77EDF6C1EE5FCBC001A24E5 /* Protocols */ = {
			isa = PBXGroup;
			children = (
				A77EDF5E1EE5FB83001A24E5 /* MediaCellModelerProtocol.swift */,
				A77EDF5C1EE5FB5F001A24E5 /* ReusableProtocol.swift */,
			);
			path = Protocols;
			sourceTree = "<group>";
		};
		A77EDF6D1EE5FCC9001A24E5 /* MediaCell */ = {
			isa = PBXGroup;
			children = (
				A77EDF541EE5FA61001A24E5 /* MediaCell.swift */,
				A77EDF601EE5FBA0001A24E5 /* MediaCellViewModel.swift */,
			);
			path = MediaCell;
			sourceTree = "<group>";
		};
		A77EDF6E1EE5FCED001A24E5 /* Screens */ = {
			isa = PBXGroup;
			children = (
				A7EBA0AD1EE6782700FAAC9C /* CreateAccount */,
				A7EBA0A81EE676FD00FAAC9C /* Login */,
				A7150EB51EE6242200E3553F /* MediaCollection */,
				A7150EC21EE631DA00E3553F /* Player */,
				A7150EEC1EE658D900E3553F /* PodcastList */,
				A73D743D1EE688D2004571A5 /* Settings */,
				A77EDF681EE5FC95001A24E5 /* Splash */,
				A77EDF6B1EE5FCB6001A24E5 /* Start */,
			);
			path = Screens;
			sourceTree = "<group>";
		};
		A7EBA0981EE6727C00FAAC9C /* Constants */ = {
			isa = PBXGroup;
			children = (
				A7EBA0BF1EE6828A00FAAC9C /* BasePopConstants.swift */,
				A77EDF7F1EE6007E001A24E5 /* CollectionViewAttributes.swift */,
				A7EBA0C51EE6830400FAAC9C /* DetailViewConstants.swift */,
				A77EDF5A1EE5FB3B001A24E5 /* MediaCellConstants.swift */,
				A7150EED1EE65B2300E3553F /* PlayerViewConstants.swift */,
				A7150EE21EE6563300E3553F /* TabBarConstants.swift */,
			);
			path = Constants;
			sourceTree = "<group>";
		};
		A7EBA09B1EE672AF00FAAC9C /* NetworkServices */ = {
			isa = PBXGroup;
			children = (
				A7EBA0991EE672A700FAAC9C /* UserDataAPIClient.swift */,
			);
			path = NetworkServices;
			sourceTree = "<group>";
		};
		A7EBA09E1EE672FA00FAAC9C /* ApplicationServices */ = {
			isa = PBXGroup;
			children = (
				A7150EB71EE6246A00E3553F /* Data */,
				A73D744B1EE68968004571A5 /* Extensions */,
				A77EDF691EE5FC9C001A24E5 /* LocalServices */,
				A7EBA09B1EE672AF00FAAC9C /* NetworkServices */,
			);
			path = ApplicationServices;
			sourceTree = "<group>";
		};
		A7EBA09F1EE6731B00FAAC9C /* Elements */ = {
			isa = PBXGroup;
			children = (
				A73D74491EE6894C004571A5 /* Buttons */,
				A7EBA0BC1EE6821B00FAAC9C /* Popover */,
				A73D74481EE68945004571A5 /* TextField */,
				A73D744A1EE68952004571A5 /* Views */,
			);
			path = Elements;
			sourceTree = "<group>";
		};
		A7EBA0A81EE676FD00FAAC9C /* Login */ = {
			isa = PBXGroup;
			children = (
				A73D741D1EE68757004571A5 /* Controllers */,
				A73D741B1EE6873C004571A5 /* Delegates */,
				A73D741E1EE6875D004571A5 /* Models */,
				A73D741C1EE68752004571A5 /* Views */,
			);
			path = Login;
			sourceTree = "<group>";
		};
		A7EBA0AD1EE6782700FAAC9C /* CreateAccount */ = {
			isa = PBXGroup;
			children = (
				A73D74461EE68933004571A5 /* Controllers */,
				A73D74451EE6892C004571A5 /* Delegates */,
				A73D74471EE68938004571A5 /* Views */,
			);
			path = CreateAccount;
			sourceTree = "<group>";
		};
		A7EBA0BC1EE6821B00FAAC9C /* Popover */ = {
			isa = PBXGroup;
			children = (
				A7EBA0BE1EE6823000FAAC9C /* Base */,
				A73D74101EE6862E004571A5 /* Loading */,
				A7EBA0BD1EE6822800FAAC9C /* Menu */,
			);
			path = Popover;
			sourceTree = "<group>";
		};
		A7EBA0BD1EE6822800FAAC9C /* Menu */ = {
			isa = PBXGroup;
			children = (
				A7EBA0C11EE682B200FAAC9C /* BaseMenuPopoverAlert.swift */,
				A7EBA0BA1EE681F400FAAC9C /* BottomMenuPopover.swift */,
				A7EBA0C71EE6831F00FAAC9C /* MenuDelegate.swift */,
				A7EBA0C31EE682DF00FAAC9C /* MenuOptionView.swift */,
				A7EBA0B81EE6815300FAAC9C /* MenuView.swift */,
			);
			path = Menu;
			sourceTree = "<group>";
		};
		A7EBA0BE1EE6823000FAAC9C /* Base */ = {
			isa = PBXGroup;
			children = (
				A7EBA0B61EE680DF00FAAC9C /* BasePopView.swift */,
				A7EBA0B41EE680BE00FAAC9C /* BasePopoverAlert.swift */,
			);
			path = Base;
			sourceTree = "<group>";
		};
/* End PBXGroup section */

/* Begin PBXNativeTarget section */
		A7150ECB1EE637C700E3553F /* PodCatcherTests */ = {
			isa = PBXNativeTarget;
			buildConfigurationList = A7150ED31EE637C700E3553F /* Build configuration list for PBXNativeTarget "PodCatcherTests" */;
			buildPhases = (
				A7150EC81EE637C700E3553F /* Sources */,
				A7150EC91EE637C700E3553F /* Frameworks */,
				A7150ECA1EE637C700E3553F /* Resources */,
			);
			buildRules = (
			);
			dependencies = (
				A7150ED21EE637C700E3553F /* PBXTargetDependency */,
			);
			name = PodCatcherTests;
			productName = PodCatcherTests;
			productReference = A7150ECC1EE637C700E3553F /* PodCatcherTests.xctest */;
			productType = "com.apple.product-type.bundle.unit-test";
		};
		A71B26ED1EE5D24700613CF4 /* PodCatcher */ = {
			isa = PBXNativeTarget;
			buildConfigurationList = A71B27191EE5D24700613CF4 /* Build configuration list for PBXNativeTarget "PodCatcher" */;
			buildPhases = (
				A71B26EA1EE5D24700613CF4 /* Sources */,
				A71B26EB1EE5D24700613CF4 /* Frameworks */,
				A71B26EC1EE5D24700613CF4 /* Resources */,
			);
			buildRules = (
			);
			dependencies = (
			);
			name = PodCatcher;
			productName = PodCatcher;
			productReference = A71B26EE1EE5D24700613CF4 /* PodCatcher.app */;
			productType = "com.apple.product-type.application";
		};
		A71B270F1EE5D24700613CF4 /* PodCatcherUITests */ = {
			isa = PBXNativeTarget;
			buildConfigurationList = A71B271F1EE5D24700613CF4 /* Build configuration list for PBXNativeTarget "PodCatcherUITests" */;
			buildPhases = (
				A71B270C1EE5D24700613CF4 /* Sources */,
				A71B270D1EE5D24700613CF4 /* Frameworks */,
				A71B270E1EE5D24700613CF4 /* Resources */,
			);
			buildRules = (
			);
			dependencies = (
				A71B27121EE5D24700613CF4 /* PBXTargetDependency */,
			);
			name = PodCatcherUITests;
			productName = PodCatcherUITests;
			productReference = A71B27101EE5D24700613CF4 /* PodCatcherUITests.xctest */;
			productType = "com.apple.product-type.bundle.ui-testing";
		};
/* End PBXNativeTarget section */

/* Begin PBXProject section */
		A71B26E61EE5D24700613CF4 /* Project object */ = {
			isa = PBXProject;
			attributes = {
				LastSwiftUpdateCheck = 0830;
				LastUpgradeCheck = 0830;
				ORGANIZATIONNAME = "Christopher Webb-Orenstein";
				TargetAttributes = {
					A7150ECB1EE637C700E3553F = {
						CreatedOnToolsVersion = 8.3.2;
						DevelopmentTeam = 4SZP4Q326F;
						ProvisioningStyle = Automatic;
						TestTargetID = A71B26ED1EE5D24700613CF4;
					};
					A71B26ED1EE5D24700613CF4 = {
						CreatedOnToolsVersion = 8.3.2;
						DevelopmentTeam = 4SZP4Q326F;
						ProvisioningStyle = Automatic;
					};
					A71B270F1EE5D24700613CF4 = {
						CreatedOnToolsVersion = 8.3.2;
						DevelopmentTeam = 4SZP4Q326F;
						ProvisioningStyle = Automatic;
						TestTargetID = A71B26ED1EE5D24700613CF4;
					};
				};
			};
			buildConfigurationList = A71B26E91EE5D24700613CF4 /* Build configuration list for PBXProject "PodCatcher" */;
			compatibilityVersion = "Xcode 3.2";
			developmentRegion = English;
			hasScannedForEncodings = 0;
			knownRegions = (
				en,
				Base,
			);
			mainGroup = A71B26E51EE5D24700613CF4;
			productRefGroup = A71B26EF1EE5D24700613CF4 /* Products */;
			projectDirPath = "";
			projectRoot = "";
			targets = (
				A71B26ED1EE5D24700613CF4 /* PodCatcher */,
				A71B270F1EE5D24700613CF4 /* PodCatcherUITests */,
				A7150ECB1EE637C700E3553F /* PodCatcherTests */,
			);
		};
/* End PBXProject section */

/* Begin PBXResourcesBuildPhase section */
		A7150ECA1EE637C700E3553F /* Resources */ = {
			isa = PBXResourcesBuildPhase;
			buildActionMask = 2147483647;
			files = (
			);
			runOnlyForDeploymentPostprocessing = 0;
		};
		A71B26EC1EE5D24700613CF4 /* Resources */ = {
			isa = PBXResourcesBuildPhase;
			buildActionMask = 2147483647;
			files = (
				A71B26FF1EE5D24700613CF4 /* LaunchScreen.storyboard in Resources */,
				A71B26FC1EE5D24700613CF4 /* Assets.xcassets in Resources */,
			);
			runOnlyForDeploymentPostprocessing = 0;
		};
		A71B270E1EE5D24700613CF4 /* Resources */ = {
			isa = PBXResourcesBuildPhase;
			buildActionMask = 2147483647;
			files = (
			);
			runOnlyForDeploymentPostprocessing = 0;
		};
/* End PBXResourcesBuildPhase section */

/* Begin PBXSourcesBuildPhase section */
		A7150EC81EE637C700E3553F /* Sources */ = {
			isa = PBXSourcesBuildPhase;
			buildActionMask = 2147483647;
			files = (
				A7150ECF1EE637C700E3553F /* PodCatcherTests.swift in Sources */,
				A7150ED71EE638A900E3553F /* StartCoordinatorTests.swift in Sources */,
				A71BFB8A1EE6FCB400A35D8E /* PodcastsListTests.swift in Sources */,
				A7150EDD1EE6399200E3553F /* PlayerControllerTests.swift in Sources */,
				A7A54E9F1EE70CFB009A5538 /* PopoverTests.swift in Sources */,
				A7894FA01EE69C1E000CC190 /* LoginTests.swift in Sources */,
				A7894F9E1EE69C03000CC190 /* SettingsTests.swift in Sources */,
				A7150EDB1EE638E000E3553F /* MediaPlayerTests.swift in Sources */,
				A7894FA21EE69E2B000CC190 /* TestMainCoordinator.swift in Sources */,
			);
			runOnlyForDeploymentPostprocessing = 0;
		};
		A71B26EA1EE5D24700613CF4 /* Sources */ = {
			isa = PBXSourcesBuildPhase;
			buildActionMask = 2147483647;
			files = (
				A7EBA0B51EE680BE00FAAC9C /* BasePopoverAlert.swift in Sources */,
				A77EDF7A1EE5FF93001A24E5 /* UIViewController+Extension.swift in Sources */,
				A71B26F21EE5D24700613CF4 /* AppDelegate.swift in Sources */,
				A73D74321EE68844004571A5 /* SplashViewControllerDelegate.swift in Sources */,
				A77EDF741EE5FDE5001A24E5 /* BaseMediaCollectionDataSource.swift in Sources */,
				A73D743A1EE68890004571A5 /* CreateAccountViewDelegate.swift in Sources */,
				A77EDF5F1EE5FB83001A24E5 /* MediaCellModelerProtocol.swift in Sources */,
				A77EDF671EE5FC38001A24E5 /* UILabel+Extension.swift in Sources */,
				A77EDF7E1EE5FFE9001A24E5 /* CALayerConstants.swift in Sources */,
				A7EBA0C41EE682DF00FAAC9C /* MenuOptionView.swift in Sources */,
				A73D74181EE68704004571A5 /* LoginViewModel.swift in Sources */,
				A7150EBF1EE62E0D00E3553F /* PlayerViewDelegate.swift in Sources */,
				A7150EE91EE6571200E3553F /* PodcastCellModel.swift in Sources */,
				A7EBA0B91EE6815300FAAC9C /* MenuView.swift in Sources */,
				A73D74161EE686E6004571A5 /* LoginViewDelegate.swift in Sources */,
				A77EDF801EE6007E001A24E5 /* CollectionViewAttributes.swift in Sources */,
				A77EDF701EE5FD57001A24E5 /* MediaCollectionViewController.swift in Sources */,
				A7150EE31EE6563300E3553F /* TabBarConstants.swift in Sources */,
				A77EDF4F1EE5E6C4001A24E5 /* Caster.swift in Sources */,
				A7EBA0BB1EE681F400FAAC9C /* BottomMenuPopover.swift in Sources */,
				A7150EEE1EE65B2300E3553F /* PlayerViewConstants.swift in Sources */,
				A77EDF841EE613E2001A24E5 /* ApplicationCoordinator.swift in Sources */,
				A71B27371EE5D87900613CF4 /* UIView+Extension.swift in Sources */,
				A7150EE71EE6568B00E3553F /* PodcastListViewControllerDelegate.swift in Sources */,
				A7150EC11EE62E1700E3553F /* PlayerViewControllerDelegate.swift in Sources */,
				A71BFB821EE6E94900A35D8E /* PodCaster+CoreDataProperties.swift in Sources */,
				A7150EEB1EE657D000E3553F /* StartViewDelegate.swift in Sources */,
				A77EDF591EE5FAC2001A24E5 /* CALayer+Extension.swift in Sources */,
				A73D74091EE684C4004571A5 /* LoadingPopover.swift in Sources */,
				A77EDF651EE5FC17001A24E5 /* EmptyView.swift in Sources */,
				A7EBA09D1EE672E300FAAC9C /* CoreDataStack.swift in Sources */,
				A7150EF21EE66C0E00E3553F /* PlayerViewModel.swift in Sources */,
				A7EBA0AF1EE6783700FAAC9C /* SettingsViewController.swift in Sources */,
				A77EDF611EE5FBA0001A24E5 /* MediaCellViewModel.swift in Sources */,
				A71B27231EE5D27700613CF4 /* NavigationCoordinator.swift in Sources */,
				A71B27451EE5E1F200613CF4 /* PCMediaPlayer.swift in Sources */,
				A7EBA0C61EE6830400FAAC9C /* DetailViewConstants.swift in Sources */,
				A71B273D1EE5DB9700613CF4 /* StartView.swift in Sources */,
				A77EDF861EE614CD001A24E5 /* StartViewControllerDelegate.swift in Sources */,
				A7150EBB1EE62DF900E3553F /* PlayerView.swift in Sources */,
				A77EDF781EE5FF72001A24E5 /* UIColor+Extension.swift in Sources */,
				A7EBA0AA1EE6772200FAAC9C /* CreateAccountView.swift in Sources */,
				A71BFB811EE6E94900A35D8E /* PodCaster+CoreDataClass.swift in Sources */,
				A73D740B1EE684DD004571A5 /* LoadingView.swift in Sources */,
				A7894FA61EE6AE44000CC190 /* PodCatcherUser.swift in Sources */,
				A77EDF631EE5FBE4001A24E5 /* TrackItemsFlowLayout.swift in Sources */,
				A7EBA0C81EE6831F00FAAC9C /* MenuDelegate.swift in Sources */,
				A7EBA09A1EE672A700FAAC9C /* UserDataAPIClient.swift in Sources */,
				A77EDF5B1EE5FB3B001A24E5 /* MediaCellConstants.swift in Sources */,
				A73D743C1EE688AF004571A5 /* CreateAccountViewControllerDelegate.swift in Sources */,
				A73D740E1EE685FF004571A5 /* AnimationDelegate.swift in Sources */,
				A77EDF551EE5FA61001A24E5 /* MediaCell.swift in Sources */,
				A71BFB851EE6E96000A35D8E /* CasterItems+CoreDataClass.swift in Sources */,
				A73D741A1EE68729004571A5 /* LoginViewControllerDelegate.swift in Sources */,
				A7EBA0A51EE6740300FAAC9C /* String+Extension.swift in Sources */,
				A7894FAA1EE6DC5E000CC190 /* PreferencesViewDelegate.swift in Sources */,
				A7150EF41EE66C8E00E3553F /* ShowView.swift in Sources */,
				A77EDF7C1EE5FFAB001A24E5 /* ViewType.swift in Sources */,
				A77EDF721EE5FDA9001A24E5 /* UICollectionView+Extension.swift in Sources */,
				A77EDF531EE5F426001A24E5 /* PodCatcherItem.swift in Sources */,
				A71B27291EE5D31300613CF4 /* Coordinator.swift in Sources */,
				A77EDF881EE614FB001A24E5 /* ButtonFactory.swift in Sources */,
				A71B272D1EE5D55E00613CF4 /* CoordinatorDelegate.swift in Sources */,
				A71B273B1EE5DB8D00613CF4 /* StartViewController.swift in Sources */,
				A77EDF761EE5FDFA001A24E5 /* MediaDataStore.swift in Sources */,
				A7EBA0B71EE680DF00FAAC9C /* BasePopView.swift in Sources */,
				A7EBA0CA1EE6836400FAAC9C /* NSError+Extension.swift in Sources */,
				A71B27251EE5D28600613CF4 /* TabBarCoordinator.swift in Sources */,
				A71B27351EE5D81700613CF4 /* SplashView.swift in Sources */,
				A71B272F1EE5D57100613CF4 /* CoordinatorType.swift in Sources */,
				A7150EE51EE6566600E3553F /* PodcasterControllState.swift in Sources */,
				A73D74301EE6881E004571A5 /* LogoConstants.swift in Sources */,
				A7150EDF1EE63E7200E3553F /* PodcastCell.swift in Sources */,
				A77EDF5D1EE5FB5F001A24E5 /* ReusableProtocol.swift in Sources */,
				A71BFB881EE6F62B00A35D8E /* UnderLineTextField.swift in Sources */,
				A71B27391EE5DA7E00613CF4 /* SplashViewDelegate.swift in Sources */,
				A71B272B1EE5D4B800613CF4 /* TabBarController.swift in Sources */,
				A7EBA0CC1EE683C900FAAC9C /* BallAnimation.swift in Sources */,
				A7150EB91EE6270500E3553F /* TabControllerCoordinator.swift in Sources */,
				A7150EC71EE6337D00E3553F /* PodcastListViewController.swift in Sources */,
				A7894FA81EE6C861000CC190 /* PreferencesView.swift in Sources */,
				A7EBA0B31EE6786400FAAC9C /* SettingsOptionView.swift in Sources */,
				A7150EBD1EE62E0300E3553F /* PlayerViewController.swift in Sources */,
				A7EBA0C21EE682B200FAAC9C /* BaseMenuPopoverAlert.swift in Sources */,
				A71B27311EE5D6F500613CF4 /* StartCoordinator.swift in Sources */,
				A7150EB41EE621E600E3553F /* TabCoordinator.swift in Sources */,
				A77EDF571EE5FAA5001A24E5 /* UIImageView+Extension.swift in Sources */,
				A71B27271EE5D29100613CF4 /* MainCoordinator.swift in Sources */,
				A7EBA0AC1EE6775500FAAC9C /* CreateAccountViewController.swift in Sources */,
				A73D74411EE68902004571A5 /* SettingsViewControllerDelegate.swift in Sources */,
				A73D74121EE68655004571A5 /* CoreDataClient.swift in Sources */,
				A7EBA0A71EE6743800FAAC9C /* TextFieldExtension.swift in Sources */,
				A77EDF821EE61338001A24E5 /* MediaCollectionControllerDelegate.swift in Sources */,
				A73D74141EE68679004571A5 /* LocalStorageManager.swift in Sources */,
				A71BFB861EE6E96000A35D8E /* CasterItems+CoreDataProperties.swift in Sources */,
				A71B26FA1EE5D24700613CF4 /* PodCatcher.xcdatamodeld in Sources */,
				A7EBA0B11EE6784E00FAAC9C /* SettingsView.swift in Sources */,
				A7150EF01EE6609200E3553F /* PodcastListTopView.swift in Sources */,
				A71B27331EE5D80F00613CF4 /* SplashViewController.swift in Sources */,
				A7EBA0C01EE6828A00FAAC9C /* BasePopConstants.swift in Sources */,
				A73D743F1EE688E6004571A5 /* SettingsViewDelegate.swift in Sources */,
				A7EBA0A11EE6739000FAAC9C /* LoginView.swift in Sources */,
				A7EBA0A31EE673AA00FAAC9C /* LoginViewController.swift in Sources */,
				A7150EE11EE655F800E3553F /* MediaTabCoordinator.swift in Sources */,
			);
			runOnlyForDeploymentPostprocessing = 0;
		};
		A71B270C1EE5D24700613CF4 /* Sources */ = {
			isa = PBXSourcesBuildPhase;
			buildActionMask = 2147483647;
			files = (
				A71B27151EE5D24700613CF4 /* PodCatcherUITests.swift in Sources */,
				A7894FA41EE69E6A000CC190 /* LoginUITests.swift in Sources */,
			);
			runOnlyForDeploymentPostprocessing = 0;
		};
/* End PBXSourcesBuildPhase section */

/* Begin PBXTargetDependency section */
		A7150ED21EE637C700E3553F /* PBXTargetDependency */ = {
			isa = PBXTargetDependency;
			target = A71B26ED1EE5D24700613CF4 /* PodCatcher */;
			targetProxy = A7150ED11EE637C700E3553F /* PBXContainerItemProxy */;
		};
		A71B27121EE5D24700613CF4 /* PBXTargetDependency */ = {
			isa = PBXTargetDependency;
			target = A71B26ED1EE5D24700613CF4 /* PodCatcher */;
			targetProxy = A71B27111EE5D24700613CF4 /* PBXContainerItemProxy */;
		};
/* End PBXTargetDependency section */

/* Begin PBXVariantGroup section */
		A71B26FD1EE5D24700613CF4 /* LaunchScreen.storyboard */ = {
			isa = PBXVariantGroup;
			children = (
				A71B26FE1EE5D24700613CF4 /* Base */,
			);
			name = LaunchScreen.storyboard;
			path = .;
			sourceTree = "<group>";
		};
/* End PBXVariantGroup section */

/* Begin XCBuildConfiguration section */
		A7150ED41EE637C700E3553F /* Debug */ = {
			isa = XCBuildConfiguration;
			buildSettings = {
				BUNDLE_LOADER = "$(TEST_HOST)";
				DEVELOPMENT_TEAM = 4SZP4Q326F;
				INFOPLIST_FILE = PodCatcherTests/Info.plist;
				LD_RUNPATH_SEARCH_PATHS = "$(inherited) @executable_path/Frameworks @loader_path/Frameworks";
				PRODUCT_BUNDLE_IDENTIFIER = com.froleeyo.PodCatcherTests;
				PRODUCT_NAME = "$(TARGET_NAME)";
				SWIFT_VERSION = 3.0;
				TEST_HOST = "$(BUILT_PRODUCTS_DIR)/PodCatcher.app/PodCatcher";
			};
			name = Debug;
		};
		A7150ED51EE637C700E3553F /* Release */ = {
			isa = XCBuildConfiguration;
			buildSettings = {
				BUNDLE_LOADER = "$(TEST_HOST)";
				DEVELOPMENT_TEAM = 4SZP4Q326F;
				INFOPLIST_FILE = PodCatcherTests/Info.plist;
				LD_RUNPATH_SEARCH_PATHS = "$(inherited) @executable_path/Frameworks @loader_path/Frameworks";
				PRODUCT_BUNDLE_IDENTIFIER = com.froleeyo.PodCatcherTests;
				PRODUCT_NAME = "$(TARGET_NAME)";
				SWIFT_VERSION = 3.0;
				TEST_HOST = "$(BUILT_PRODUCTS_DIR)/PodCatcher.app/PodCatcher";
			};
			name = Release;
		};
		A71B27171EE5D24700613CF4 /* Debug */ = {
			isa = XCBuildConfiguration;
			buildSettings = {
				ALWAYS_SEARCH_USER_PATHS = NO;
				CLANG_ANALYZER_NONNULL = YES;
				CLANG_ANALYZER_NUMBER_OBJECT_CONVERSION = YES_AGGRESSIVE;
				CLANG_CXX_LANGUAGE_STANDARD = "gnu++0x";
				CLANG_CXX_LIBRARY = "libc++";
				CLANG_ENABLE_MODULES = YES;
				CLANG_ENABLE_OBJC_ARC = YES;
				CLANG_WARN_BOOL_CONVERSION = YES;
				CLANG_WARN_CONSTANT_CONVERSION = YES;
				CLANG_WARN_DIRECT_OBJC_ISA_USAGE = YES_ERROR;
				CLANG_WARN_DOCUMENTATION_COMMENTS = YES;
				CLANG_WARN_EMPTY_BODY = YES;
				CLANG_WARN_ENUM_CONVERSION = YES;
				CLANG_WARN_INFINITE_RECURSION = YES;
				CLANG_WARN_INT_CONVERSION = YES;
				CLANG_WARN_OBJC_ROOT_CLASS = YES_ERROR;
				CLANG_WARN_SUSPICIOUS_MOVE = YES;
				CLANG_WARN_UNREACHABLE_CODE = YES;
				CLANG_WARN__DUPLICATE_METHOD_MATCH = YES;
				"CODE_SIGN_IDENTITY[sdk=iphoneos*]" = "iPhone Developer";
				COPY_PHASE_STRIP = NO;
				DEBUG_INFORMATION_FORMAT = dwarf;
				ENABLE_STRICT_OBJC_MSGSEND = YES;
				ENABLE_TESTABILITY = YES;
				GCC_C_LANGUAGE_STANDARD = gnu99;
				GCC_DYNAMIC_NO_PIC = NO;
				GCC_NO_COMMON_BLOCKS = YES;
				GCC_OPTIMIZATION_LEVEL = 0;
				GCC_PREPROCESSOR_DEFINITIONS = (
					"DEBUG=1",
					"$(inherited)",
				);
				GCC_WARN_64_TO_32_BIT_CONVERSION = YES;
				GCC_WARN_ABOUT_RETURN_TYPE = YES_ERROR;
				GCC_WARN_UNDECLARED_SELECTOR = YES;
				GCC_WARN_UNINITIALIZED_AUTOS = YES_AGGRESSIVE;
				GCC_WARN_UNUSED_FUNCTION = YES;
				GCC_WARN_UNUSED_VARIABLE = YES;
				IPHONEOS_DEPLOYMENT_TARGET = 10.3;
				MTL_ENABLE_DEBUG_INFO = YES;
				ONLY_ACTIVE_ARCH = YES;
				SDKROOT = iphoneos;
				SWIFT_ACTIVE_COMPILATION_CONDITIONS = DEBUG;
				SWIFT_OPTIMIZATION_LEVEL = "-Onone";
			};
			name = Debug;
		};
		A71B27181EE5D24700613CF4 /* Release */ = {
			isa = XCBuildConfiguration;
			buildSettings = {
				ALWAYS_SEARCH_USER_PATHS = NO;
				CLANG_ANALYZER_NONNULL = YES;
				CLANG_ANALYZER_NUMBER_OBJECT_CONVERSION = YES_AGGRESSIVE;
				CLANG_CXX_LANGUAGE_STANDARD = "gnu++0x";
				CLANG_CXX_LIBRARY = "libc++";
				CLANG_ENABLE_MODULES = YES;
				CLANG_ENABLE_OBJC_ARC = YES;
				CLANG_WARN_BOOL_CONVERSION = YES;
				CLANG_WARN_CONSTANT_CONVERSION = YES;
				CLANG_WARN_DIRECT_OBJC_ISA_USAGE = YES_ERROR;
				CLANG_WARN_DOCUMENTATION_COMMENTS = YES;
				CLANG_WARN_EMPTY_BODY = YES;
				CLANG_WARN_ENUM_CONVERSION = YES;
				CLANG_WARN_INFINITE_RECURSION = YES;
				CLANG_WARN_INT_CONVERSION = YES;
				CLANG_WARN_OBJC_ROOT_CLASS = YES_ERROR;
				CLANG_WARN_SUSPICIOUS_MOVE = YES;
				CLANG_WARN_UNREACHABLE_CODE = YES;
				CLANG_WARN__DUPLICATE_METHOD_MATCH = YES;
				"CODE_SIGN_IDENTITY[sdk=iphoneos*]" = "iPhone Developer";
				COPY_PHASE_STRIP = NO;
				DEBUG_INFORMATION_FORMAT = "dwarf-with-dsym";
				ENABLE_NS_ASSERTIONS = NO;
				ENABLE_STRICT_OBJC_MSGSEND = YES;
				GCC_C_LANGUAGE_STANDARD = gnu99;
				GCC_NO_COMMON_BLOCKS = YES;
				GCC_WARN_64_TO_32_BIT_CONVERSION = YES;
				GCC_WARN_ABOUT_RETURN_TYPE = YES_ERROR;
				GCC_WARN_UNDECLARED_SELECTOR = YES;
				GCC_WARN_UNINITIALIZED_AUTOS = YES_AGGRESSIVE;
				GCC_WARN_UNUSED_FUNCTION = YES;
				GCC_WARN_UNUSED_VARIABLE = YES;
				IPHONEOS_DEPLOYMENT_TARGET = 10.3;
				MTL_ENABLE_DEBUG_INFO = NO;
				SDKROOT = iphoneos;
				SWIFT_OPTIMIZATION_LEVEL = "-Owholemodule";
				VALIDATE_PRODUCT = YES;
			};
			name = Release;
		};
		A71B271A1EE5D24700613CF4 /* Debug */ = {
			isa = XCBuildConfiguration;
			buildSettings = {
				"ARCHS[sdk=*]" = "$(ARCHS_STANDARD)";
				ASSETCATALOG_COMPILER_APPICON_NAME = AppIcon;
				DEVELOPMENT_TEAM = 4SZP4Q326F;
				INFOPLIST_FILE = PodCatcher/Resources/Info.plist;
				LD_RUNPATH_SEARCH_PATHS = "$(inherited) @executable_path/Frameworks";
				PRODUCT_BUNDLE_IDENTIFIER = com.froleeyo.PodCatcher;
				PRODUCT_NAME = "$(TARGET_NAME)";
				SWIFT_VERSION = 3.0;
			};
			name = Debug;
		};
		A71B271B1EE5D24700613CF4 /* Release */ = {
			isa = XCBuildConfiguration;
			buildSettings = {
				ASSETCATALOG_COMPILER_APPICON_NAME = AppIcon;
				DEVELOPMENT_TEAM = 4SZP4Q326F;
				INFOPLIST_FILE = PodCatcher/Resources/Info.plist;
				LD_RUNPATH_SEARCH_PATHS = "$(inherited) @executable_path/Frameworks";
				PRODUCT_BUNDLE_IDENTIFIER = com.froleeyo.PodCatcher;
				PRODUCT_NAME = "$(TARGET_NAME)";
				SWIFT_VERSION = 3.0;
			};
			name = Release;
		};
		A71B27201EE5D24700613CF4 /* Debug */ = {
			isa = XCBuildConfiguration;
			buildSettings = {
				ALWAYS_EMBED_SWIFT_STANDARD_LIBRARIES = YES;
				DEVELOPMENT_TEAM = 4SZP4Q326F;
				INFOPLIST_FILE = PodCatcherUITests/Info.plist;
				LD_RUNPATH_SEARCH_PATHS = "$(inherited) @executable_path/Frameworks @loader_path/Frameworks";
				PRODUCT_BUNDLE_IDENTIFIER = com.froleeyo.PodCatcherUITests;
				PRODUCT_NAME = "$(TARGET_NAME)";
				SWIFT_VERSION = 3.0;
				TEST_TARGET_NAME = PodCatcher;
			};
			name = Debug;
		};
		A71B27211EE5D24700613CF4 /* Release */ = {
			isa = XCBuildConfiguration;
			buildSettings = {
				ALWAYS_EMBED_SWIFT_STANDARD_LIBRARIES = YES;
				DEVELOPMENT_TEAM = 4SZP4Q326F;
				INFOPLIST_FILE = PodCatcherUITests/Info.plist;
				LD_RUNPATH_SEARCH_PATHS = "$(inherited) @executable_path/Frameworks @loader_path/Frameworks";
				PRODUCT_BUNDLE_IDENTIFIER = com.froleeyo.PodCatcherUITests;
				PRODUCT_NAME = "$(TARGET_NAME)";
				SWIFT_VERSION = 3.0;
				TEST_TARGET_NAME = PodCatcher;
			};
			name = Release;
		};
/* End XCBuildConfiguration section */

/* Begin XCConfigurationList section */
		A7150ED31EE637C700E3553F /* Build configuration list for PBXNativeTarget "PodCatcherTests" */ = {
			isa = XCConfigurationList;
			buildConfigurations = (
				A7150ED41EE637C700E3553F /* Debug */,
				A7150ED51EE637C700E3553F /* Release */,
			);
			defaultConfigurationIsVisible = 0;
			defaultConfigurationName = Release;
		};
		A71B26E91EE5D24700613CF4 /* Build configuration list for PBXProject "PodCatcher" */ = {
			isa = XCConfigurationList;
			buildConfigurations = (
				A71B27171EE5D24700613CF4 /* Debug */,
				A71B27181EE5D24700613CF4 /* Release */,
			);
			defaultConfigurationIsVisible = 0;
			defaultConfigurationName = Release;
		};
		A71B27191EE5D24700613CF4 /* Build configuration list for PBXNativeTarget "PodCatcher" */ = {
			isa = XCConfigurationList;
			buildConfigurations = (
				A71B271A1EE5D24700613CF4 /* Debug */,
				A71B271B1EE5D24700613CF4 /* Release */,
			);
			defaultConfigurationIsVisible = 0;
			defaultConfigurationName = Release;
		};
		A71B271F1EE5D24700613CF4 /* Build configuration list for PBXNativeTarget "PodCatcherUITests" */ = {
			isa = XCConfigurationList;
			buildConfigurations = (
				A71B27201EE5D24700613CF4 /* Debug */,
				A71B27211EE5D24700613CF4 /* Release */,
			);
			defaultConfigurationIsVisible = 0;
			defaultConfigurationName = Release;
		};
/* End XCConfigurationList section */

/* Begin XCVersionGroup section */
		A71B26F81EE5D24700613CF4 /* PodCatcher.xcdatamodeld */ = {
			isa = XCVersionGroup;
			children = (
				A71B26F91EE5D24700613CF4 /* PodCatcher.xcdatamodel */,
			);
			currentVersion = A71B26F91EE5D24700613CF4 /* PodCatcher.xcdatamodel */;
			path = PodCatcher.xcdatamodeld;
			sourceTree = "<group>";
			versionGroupType = wrapper.xcdatamodel;
		};
/* End XCVersionGroup section */
	};
	rootObject = A71B26E61EE5D24700613CF4 /* Project object */;
}
